
Microsoft Visual Studio Solution File, Format Version 12.00
# Visual Studio Version 16
VisualStudioVersion = 16.0.29519.87
MinimumVisualStudioVersion = 10.0.40219.1
Project("{FAE04EC0-301F-11D3-BF4B-00C04F79EFBC}") = "Minesweeper", "Minesweeper\Minesweeper.csproj", "{876F9AF6-32EA-4349-A9BC-261ACF420762}"
EndProject
Project("{FAE04EC0-301F-11D3-BF4B-00C04F79EFBC}") = "Minesweeper.Test", "Minesweeper.Test\Minesweeper.Test.csproj", "{012A90D0-D1C7-4645-B105-70786750F187}"
EndProject
Project("{FAE04EC0-301F-11D3-BF4B-00C04F79EFBC}") = "NeuralNetwork.View", "NeuralNetwork.View\NeuralNetwork.View.csproj", "{1B2CFFAA-E828-49BB-9F7D-AE921B46F036}"
EndProject
Project("{9A19103F-16F7-4668-BE54-9A1E7A4F7556}") = "Evans.Minesweeper", "Evans.Minesweeper\Evans.Minesweeper.csproj", "{9893C409-5635-4556-8871-74C0EAE3F8BB}"
EndProject
Project("{9A19103F-16F7-4668-BE54-9A1E7A4F7556}") = "Evans.AI", "Evans.AI\Evans.AI.csproj", "{BA0BA220-3DA8-4300-B4A6-33F60FDA4CC0}"
EndProject
Project("{2150E333-8FDC-42A3-9474-1A3956D46DE8}") = "Fabulous", "Fabulous", "{F5895C89-3650-4DE9-91F8-B9DE5FCA127A}"
EndProject
Project("{6EC3EE1D-3C4E-46DD-8F32-0CC8E7565705}") = "Minesweeper", "Xamarin\Minesweeper\Minesweeper\Minesweeper.fsproj", "{6A3D8361-6E03-41DA-8428-27696737E38C}"
EndProject
Project("{F2A71F9B-5D33-465A-A702-920D77279786}") = "Minesweeper.Android", "Xamarin\Minesweeper\Minesweeper.Android\Minesweeper.Android.fsproj", "{3A8C9F31-FCDE-45AA-8BE2-BB8ABAED3F60}"
EndProject
Project("{F2A71F9B-5D33-465A-A702-920D77279786}") = "Minesweeper.iOS", "Xamarin\Minesweeper\Minesweeper.iOS\Minesweeper.iOS.fsproj", "{327D37CE-4BB7-4EBA-9925-52B3AC415D5B}"
EndProject
Project("{6EC3EE1D-3C4E-46DD-8F32-0CC8E7565705}") = "Minesweeper.WPF", "Xamarin\Minesweeper\Minesweeper.WPF\Minesweeper.WPF.fsproj", "{66E4CFBA-F8F8-471A-A329-54CEDD17BF25}"
EndProject
Global
	GlobalSection(SolutionConfigurationPlatforms) = preSolution
		Ad-Hoc|Any CPU = Ad-Hoc|Any CPU
		Ad-Hoc|ARM = Ad-Hoc|ARM
		Ad-Hoc|iPhone = Ad-Hoc|iPhone
		Ad-Hoc|iPhoneSimulator = Ad-Hoc|iPhoneSimulator
		Ad-Hoc|x64 = Ad-Hoc|x64
		Ad-Hoc|x86 = Ad-Hoc|x86
		AppStore|Any CPU = AppStore|Any CPU
		AppStore|ARM = AppStore|ARM
		AppStore|iPhone = AppStore|iPhone
		AppStore|iPhoneSimulator = AppStore|iPhoneSimulator
		AppStore|x64 = AppStore|x64
		AppStore|x86 = AppStore|x86
		Debug|Any CPU = Debug|Any CPU
		Debug|ARM = Debug|ARM
		Debug|iPhone = Debug|iPhone
		Debug|iPhoneSimulator = Debug|iPhoneSimulator
		Debug|x64 = Debug|x64
		Debug|x86 = Debug|x86
		Release|Any CPU = Release|Any CPU
		Release|ARM = Release|ARM
		Release|iPhone = Release|iPhone
		Release|iPhoneSimulator = Release|iPhoneSimulator
		Release|x64 = Release|x64
		Release|x86 = Release|x86
	EndGlobalSection
	GlobalSection(ProjectConfigurationPlatforms) = postSolution
		{876F9AF6-32EA-4349-A9BC-261ACF420762}.Ad-Hoc|Any CPU.ActiveCfg = Release|Any CPU
		{876F9AF6-32EA-4349-A9BC-261ACF420762}.Ad-Hoc|Any CPU.Build.0 = Release|Any CPU
		{876F9AF6-32EA-4349-A9BC-261ACF420762}.Ad-Hoc|ARM.ActiveCfg = Release|Any CPU
		{876F9AF6-32EA-4349-A9BC-261ACF420762}.Ad-Hoc|ARM.Build.0 = Release|Any CPU
		{876F9AF6-32EA-4349-A9BC-261ACF420762}.Ad-Hoc|iPhone.ActiveCfg = Release|Any CPU
		{876F9AF6-32EA-4349-A9BC-261ACF420762}.Ad-Hoc|iPhone.Build.0 = Release|Any CPU
		{876F9AF6-32EA-4349-A9BC-261ACF420762}.Ad-Hoc|iPhoneSimulator.ActiveCfg = Release|Any CPU
		{876F9AF6-32EA-4349-A9BC-261ACF420762}.Ad-Hoc|iPhoneSimulator.Build.0 = Release|Any CPU
		{876F9AF6-32EA-4349-A9BC-261ACF420762}.Ad-Hoc|x64.ActiveCfg = Release|Any CPU
		{876F9AF6-32EA-4349-A9BC-261ACF420762}.Ad-Hoc|x64.Build.0 = Release|Any CPU
		{876F9AF6-32EA-4349-A9BC-261ACF420762}.Ad-Hoc|x86.ActiveCfg = Release|Any CPU
		{876F9AF6-32EA-4349-A9BC-261ACF420762}.Ad-Hoc|x86.Build.0 = Release|Any CPU
		{876F9AF6-32EA-4349-A9BC-261ACF420762}.AppStore|Any CPU.ActiveCfg = Release|Any CPU
		{876F9AF6-32EA-4349-A9BC-261ACF420762}.AppStore|Any CPU.Build.0 = Release|Any CPU
		{876F9AF6-32EA-4349-A9BC-261ACF420762}.AppStore|ARM.ActiveCfg = Release|Any CPU
		{876F9AF6-32EA-4349-A9BC-261ACF420762}.AppStore|ARM.Build.0 = Release|Any CPU
		{876F9AF6-32EA-4349-A9BC-261ACF420762}.AppStore|iPhone.ActiveCfg = Release|Any CPU
		{876F9AF6-32EA-4349-A9BC-261ACF420762}.AppStore|iPhone.Build.0 = Release|Any CPU
		{876F9AF6-32EA-4349-A9BC-261ACF420762}.AppStore|iPhoneSimulator.ActiveCfg = Release|Any CPU
		{876F9AF6-32EA-4349-A9BC-261ACF420762}.AppStore|iPhoneSimulator.Build.0 = Release|Any CPU
		{876F9AF6-32EA-4349-A9BC-261ACF420762}.AppStore|x64.ActiveCfg = Release|Any CPU
		{876F9AF6-32EA-4349-A9BC-261ACF420762}.AppStore|x64.Build.0 = Release|Any CPU
		{876F9AF6-32EA-4349-A9BC-261ACF420762}.AppStore|x86.ActiveCfg = Release|Any CPU
		{876F9AF6-32EA-4349-A9BC-261ACF420762}.AppStore|x86.Build.0 = Release|Any CPU
		{876F9AF6-32EA-4349-A9BC-261ACF420762}.Debug|Any CPU.ActiveCfg = Debug|Any CPU
		{876F9AF6-32EA-4349-A9BC-261ACF420762}.Debug|Any CPU.Build.0 = Debug|Any CPU
		{876F9AF6-32EA-4349-A9BC-261ACF420762}.Debug|ARM.ActiveCfg = Debug|Any CPU
		{876F9AF6-32EA-4349-A9BC-261ACF420762}.Debug|ARM.Build.0 = Debug|Any CPU
		{876F9AF6-32EA-4349-A9BC-261ACF420762}.Debug|iPhone.ActiveCfg = Debug|Any CPU
		{876F9AF6-32EA-4349-A9BC-261ACF420762}.Debug|iPhone.Build.0 = Debug|Any CPU
		{876F9AF6-32EA-4349-A9BC-261ACF420762}.Debug|iPhoneSimulator.ActiveCfg = Debug|Any CPU
		{876F9AF6-32EA-4349-A9BC-261ACF420762}.Debug|iPhoneSimulator.Build.0 = Debug|Any CPU
		{876F9AF6-32EA-4349-A9BC-261ACF420762}.Debug|x64.ActiveCfg = Debug|Any CPU
		{876F9AF6-32EA-4349-A9BC-261ACF420762}.Debug|x64.Build.0 = Debug|Any CPU
		{876F9AF6-32EA-4349-A9BC-261ACF420762}.Debug|x86.ActiveCfg = Debug|Any CPU
		{876F9AF6-32EA-4349-A9BC-261ACF420762}.Debug|x86.Build.0 = Debug|Any CPU
		{876F9AF6-32EA-4349-A9BC-261ACF420762}.Release|Any CPU.ActiveCfg = Release|Any CPU
		{876F9AF6-32EA-4349-A9BC-261ACF420762}.Release|Any CPU.Build.0 = Release|Any CPU
		{876F9AF6-32EA-4349-A9BC-261ACF420762}.Release|ARM.ActiveCfg = Release|Any CPU
		{876F9AF6-32EA-4349-A9BC-261ACF420762}.Release|ARM.Build.0 = Release|Any CPU
		{876F9AF6-32EA-4349-A9BC-261ACF420762}.Release|iPhone.ActiveCfg = Release|Any CPU
		{876F9AF6-32EA-4349-A9BC-261ACF420762}.Release|iPhone.Build.0 = Release|Any CPU
		{876F9AF6-32EA-4349-A9BC-261ACF420762}.Release|iPhoneSimulator.ActiveCfg = Release|Any CPU
		{876F9AF6-32EA-4349-A9BC-261ACF420762}.Release|iPhoneSimulator.Build.0 = Release|Any CPU
		{876F9AF6-32EA-4349-A9BC-261ACF420762}.Release|x64.ActiveCfg = Release|Any CPU
		{876F9AF6-32EA-4349-A9BC-261ACF420762}.Release|x64.Build.0 = Release|Any CPU
		{876F9AF6-32EA-4349-A9BC-261ACF420762}.Release|x86.ActiveCfg = Release|Any CPU
		{876F9AF6-32EA-4349-A9BC-261ACF420762}.Release|x86.Build.0 = Release|Any CPU
		{012A90D0-D1C7-4645-B105-70786750F187}.Ad-Hoc|Any CPU.ActiveCfg = Release|Any CPU
		{012A90D0-D1C7-4645-B105-70786750F187}.Ad-Hoc|Any CPU.Build.0 = Release|Any CPU
		{012A90D0-D1C7-4645-B105-70786750F187}.Ad-Hoc|ARM.ActiveCfg = Release|Any CPU
		{012A90D0-D1C7-4645-B105-70786750F187}.Ad-Hoc|ARM.Build.0 = Release|Any CPU
		{012A90D0-D1C7-4645-B105-70786750F187}.Ad-Hoc|iPhone.ActiveCfg = Release|Any CPU
		{012A90D0-D1C7-4645-B105-70786750F187}.Ad-Hoc|iPhone.Build.0 = Release|Any CPU
		{012A90D0-D1C7-4645-B105-70786750F187}.Ad-Hoc|iPhoneSimulator.ActiveCfg = Release|Any CPU
		{012A90D0-D1C7-4645-B105-70786750F187}.Ad-Hoc|iPhoneSimulator.Build.0 = Release|Any CPU
		{012A90D0-D1C7-4645-B105-70786750F187}.Ad-Hoc|x64.ActiveCfg = Release|Any CPU
		{012A90D0-D1C7-4645-B105-70786750F187}.Ad-Hoc|x64.Build.0 = Release|Any CPU
		{012A90D0-D1C7-4645-B105-70786750F187}.Ad-Hoc|x86.ActiveCfg = Release|Any CPU
		{012A90D0-D1C7-4645-B105-70786750F187}.Ad-Hoc|x86.Build.0 = Release|Any CPU
		{012A90D0-D1C7-4645-B105-70786750F187}.AppStore|Any CPU.ActiveCfg = Release|Any CPU
		{012A90D0-D1C7-4645-B105-70786750F187}.AppStore|Any CPU.Build.0 = Release|Any CPU
		{012A90D0-D1C7-4645-B105-70786750F187}.AppStore|ARM.ActiveCfg = Release|Any CPU
		{012A90D0-D1C7-4645-B105-70786750F187}.AppStore|ARM.Build.0 = Release|Any CPU
		{012A90D0-D1C7-4645-B105-70786750F187}.AppStore|iPhone.ActiveCfg = Release|Any CPU
		{012A90D0-D1C7-4645-B105-70786750F187}.AppStore|iPhone.Build.0 = Release|Any CPU
		{012A90D0-D1C7-4645-B105-70786750F187}.AppStore|iPhoneSimulator.ActiveCfg = Release|Any CPU
		{012A90D0-D1C7-4645-B105-70786750F187}.AppStore|iPhoneSimulator.Build.0 = Release|Any CPU
		{012A90D0-D1C7-4645-B105-70786750F187}.AppStore|x64.ActiveCfg = Release|Any CPU
		{012A90D0-D1C7-4645-B105-70786750F187}.AppStore|x64.Build.0 = Release|Any CPU
		{012A90D0-D1C7-4645-B105-70786750F187}.AppStore|x86.ActiveCfg = Release|Any CPU
		{012A90D0-D1C7-4645-B105-70786750F187}.AppStore|x86.Build.0 = Release|Any CPU
		{012A90D0-D1C7-4645-B105-70786750F187}.Debug|Any CPU.ActiveCfg = Debug|Any CPU
		{012A90D0-D1C7-4645-B105-70786750F187}.Debug|Any CPU.Build.0 = Debug|Any CPU
		{012A90D0-D1C7-4645-B105-70786750F187}.Debug|ARM.ActiveCfg = Debug|Any CPU
		{012A90D0-D1C7-4645-B105-70786750F187}.Debug|ARM.Build.0 = Debug|Any CPU
		{012A90D0-D1C7-4645-B105-70786750F187}.Debug|iPhone.ActiveCfg = Debug|Any CPU
		{012A90D0-D1C7-4645-B105-70786750F187}.Debug|iPhone.Build.0 = Debug|Any CPU
		{012A90D0-D1C7-4645-B105-70786750F187}.Debug|iPhoneSimulator.ActiveCfg = Debug|Any CPU
		{012A90D0-D1C7-4645-B105-70786750F187}.Debug|iPhoneSimulator.Build.0 = Debug|Any CPU
		{012A90D0-D1C7-4645-B105-70786750F187}.Debug|x64.ActiveCfg = Debug|Any CPU
		{012A90D0-D1C7-4645-B105-70786750F187}.Debug|x64.Build.0 = Debug|Any CPU
		{012A90D0-D1C7-4645-B105-70786750F187}.Debug|x86.ActiveCfg = Debug|Any CPU
		{012A90D0-D1C7-4645-B105-70786750F187}.Debug|x86.Build.0 = Debug|Any CPU
		{012A90D0-D1C7-4645-B105-70786750F187}.Release|Any CPU.ActiveCfg = Release|Any CPU
		{012A90D0-D1C7-4645-B105-70786750F187}.Release|Any CPU.Build.0 = Release|Any CPU
		{012A90D0-D1C7-4645-B105-70786750F187}.Release|ARM.ActiveCfg = Release|Any CPU
		{012A90D0-D1C7-4645-B105-70786750F187}.Release|ARM.Build.0 = Release|Any CPU
		{012A90D0-D1C7-4645-B105-70786750F187}.Release|iPhone.ActiveCfg = Release|Any CPU
		{012A90D0-D1C7-4645-B105-70786750F187}.Release|iPhone.Build.0 = Release|Any CPU
		{012A90D0-D1C7-4645-B105-70786750F187}.Release|iPhoneSimulator.ActiveCfg = Release|Any CPU
		{012A90D0-D1C7-4645-B105-70786750F187}.Release|iPhoneSimulator.Build.0 = Release|Any CPU
		{012A90D0-D1C7-4645-B105-70786750F187}.Release|x64.ActiveCfg = Release|Any CPU
		{012A90D0-D1C7-4645-B105-70786750F187}.Release|x64.Build.0 = Release|Any CPU
		{012A90D0-D1C7-4645-B105-70786750F187}.Release|x86.ActiveCfg = Release|Any CPU
		{012A90D0-D1C7-4645-B105-70786750F187}.Release|x86.Build.0 = Release|Any CPU
		{1B2CFFAA-E828-49BB-9F7D-AE921B46F036}.Ad-Hoc|Any CPU.ActiveCfg = Release|Any CPU
		{1B2CFFAA-E828-49BB-9F7D-AE921B46F036}.Ad-Hoc|Any CPU.Build.0 = Release|Any CPU
		{1B2CFFAA-E828-49BB-9F7D-AE921B46F036}.Ad-Hoc|ARM.ActiveCfg = Release|Any CPU
		{1B2CFFAA-E828-49BB-9F7D-AE921B46F036}.Ad-Hoc|ARM.Build.0 = Release|Any CPU
		{1B2CFFAA-E828-49BB-9F7D-AE921B46F036}.Ad-Hoc|iPhone.ActiveCfg = Release|Any CPU
		{1B2CFFAA-E828-49BB-9F7D-AE921B46F036}.Ad-Hoc|iPhone.Build.0 = Release|Any CPU
		{1B2CFFAA-E828-49BB-9F7D-AE921B46F036}.Ad-Hoc|iPhoneSimulator.ActiveCfg = Release|Any CPU
		{1B2CFFAA-E828-49BB-9F7D-AE921B46F036}.Ad-Hoc|iPhoneSimulator.Build.0 = Release|Any CPU
		{1B2CFFAA-E828-49BB-9F7D-AE921B46F036}.Ad-Hoc|x64.ActiveCfg = Release|Any CPU
		{1B2CFFAA-E828-49BB-9F7D-AE921B46F036}.Ad-Hoc|x64.Build.0 = Release|Any CPU
		{1B2CFFAA-E828-49BB-9F7D-AE921B46F036}.Ad-Hoc|x86.ActiveCfg = Release|Any CPU
		{1B2CFFAA-E828-49BB-9F7D-AE921B46F036}.Ad-Hoc|x86.Build.0 = Release|Any CPU
		{1B2CFFAA-E828-49BB-9F7D-AE921B46F036}.AppStore|Any CPU.ActiveCfg = Release|Any CPU
		{1B2CFFAA-E828-49BB-9F7D-AE921B46F036}.AppStore|Any CPU.Build.0 = Release|Any CPU
		{1B2CFFAA-E828-49BB-9F7D-AE921B46F036}.AppStore|ARM.ActiveCfg = Release|Any CPU
		{1B2CFFAA-E828-49BB-9F7D-AE921B46F036}.AppStore|ARM.Build.0 = Release|Any CPU
		{1B2CFFAA-E828-49BB-9F7D-AE921B46F036}.AppStore|iPhone.ActiveCfg = Release|Any CPU
		{1B2CFFAA-E828-49BB-9F7D-AE921B46F036}.AppStore|iPhone.Build.0 = Release|Any CPU
		{1B2CFFAA-E828-49BB-9F7D-AE921B46F036}.AppStore|iPhoneSimulator.ActiveCfg = Release|Any CPU
		{1B2CFFAA-E828-49BB-9F7D-AE921B46F036}.AppStore|iPhoneSimulator.Build.0 = Release|Any CPU
		{1B2CFFAA-E828-49BB-9F7D-AE921B46F036}.AppStore|x64.ActiveCfg = Release|Any CPU
		{1B2CFFAA-E828-49BB-9F7D-AE921B46F036}.AppStore|x64.Build.0 = Release|Any CPU
		{1B2CFFAA-E828-49BB-9F7D-AE921B46F036}.AppStore|x86.ActiveCfg = Release|Any CPU
		{1B2CFFAA-E828-49BB-9F7D-AE921B46F036}.AppStore|x86.Build.0 = Release|Any CPU
		{1B2CFFAA-E828-49BB-9F7D-AE921B46F036}.Debug|Any CPU.ActiveCfg = Debug|Any CPU
		{1B2CFFAA-E828-49BB-9F7D-AE921B46F036}.Debug|Any CPU.Build.0 = Debug|Any CPU
		{1B2CFFAA-E828-49BB-9F7D-AE921B46F036}.Debug|ARM.ActiveCfg = Debug|Any CPU
		{1B2CFFAA-E828-49BB-9F7D-AE921B46F036}.Debug|ARM.Build.0 = Debug|Any CPU
		{1B2CFFAA-E828-49BB-9F7D-AE921B46F036}.Debug|iPhone.ActiveCfg = Debug|Any CPU
		{1B2CFFAA-E828-49BB-9F7D-AE921B46F036}.Debug|iPhone.Build.0 = Debug|Any CPU
		{1B2CFFAA-E828-49BB-9F7D-AE921B46F036}.Debug|iPhoneSimulator.ActiveCfg = Debug|Any CPU
		{1B2CFFAA-E828-49BB-9F7D-AE921B46F036}.Debug|iPhoneSimulator.Build.0 = Debug|Any CPU
		{1B2CFFAA-E828-49BB-9F7D-AE921B46F036}.Debug|x64.ActiveCfg = Debug|Any CPU
		{1B2CFFAA-E828-49BB-9F7D-AE921B46F036}.Debug|x64.Build.0 = Debug|Any CPU
		{1B2CFFAA-E828-49BB-9F7D-AE921B46F036}.Debug|x86.ActiveCfg = Debug|Any CPU
		{1B2CFFAA-E828-49BB-9F7D-AE921B46F036}.Debug|x86.Build.0 = Debug|Any CPU
		{1B2CFFAA-E828-49BB-9F7D-AE921B46F036}.Release|Any CPU.ActiveCfg = Release|Any CPU
		{1B2CFFAA-E828-49BB-9F7D-AE921B46F036}.Release|Any CPU.Build.0 = Release|Any CPU
		{1B2CFFAA-E828-49BB-9F7D-AE921B46F036}.Release|ARM.ActiveCfg = Release|Any CPU
		{1B2CFFAA-E828-49BB-9F7D-AE921B46F036}.Release|ARM.Build.0 = Release|Any CPU
		{1B2CFFAA-E828-49BB-9F7D-AE921B46F036}.Release|iPhone.ActiveCfg = Release|Any CPU
		{1B2CFFAA-E828-49BB-9F7D-AE921B46F036}.Release|iPhone.Build.0 = Release|Any CPU
		{1B2CFFAA-E828-49BB-9F7D-AE921B46F036}.Release|iPhoneSimulator.ActiveCfg = Release|Any CPU
		{1B2CFFAA-E828-49BB-9F7D-AE921B46F036}.Release|iPhoneSimulator.Build.0 = Release|Any CPU
		{1B2CFFAA-E828-49BB-9F7D-AE921B46F036}.Release|x64.ActiveCfg = Release|Any CPU
		{1B2CFFAA-E828-49BB-9F7D-AE921B46F036}.Release|x64.Build.0 = Release|Any CPU
		{1B2CFFAA-E828-49BB-9F7D-AE921B46F036}.Release|x86.ActiveCfg = Release|Any CPU
		{1B2CFFAA-E828-49BB-9F7D-AE921B46F036}.Release|x86.Build.0 = Release|Any CPU
		{9893C409-5635-4556-8871-74C0EAE3F8BB}.Ad-Hoc|Any CPU.ActiveCfg = Release|Any CPU
		{9893C409-5635-4556-8871-74C0EAE3F8BB}.Ad-Hoc|Any CPU.Build.0 = Release|Any CPU
		{9893C409-5635-4556-8871-74C0EAE3F8BB}.Ad-Hoc|ARM.ActiveCfg = Release|Any CPU
		{9893C409-5635-4556-8871-74C0EAE3F8BB}.Ad-Hoc|ARM.Build.0 = Release|Any CPU
		{9893C409-5635-4556-8871-74C0EAE3F8BB}.Ad-Hoc|iPhone.ActiveCfg = Release|Any CPU
		{9893C409-5635-4556-8871-74C0EAE3F8BB}.Ad-Hoc|iPhone.Build.0 = Release|Any CPU
		{9893C409-5635-4556-8871-74C0EAE3F8BB}.Ad-Hoc|iPhoneSimulator.ActiveCfg = Release|Any CPU
		{9893C409-5635-4556-8871-74C0EAE3F8BB}.Ad-Hoc|iPhoneSimulator.Build.0 = Release|Any CPU
		{9893C409-5635-4556-8871-74C0EAE3F8BB}.Ad-Hoc|x64.ActiveCfg = Release|Any CPU
		{9893C409-5635-4556-8871-74C0EAE3F8BB}.Ad-Hoc|x64.Build.0 = Release|Any CPU
		{9893C409-5635-4556-8871-74C0EAE3F8BB}.Ad-Hoc|x86.ActiveCfg = Release|Any CPU
		{9893C409-5635-4556-8871-74C0EAE3F8BB}.Ad-Hoc|x86.Build.0 = Release|Any CPU
		{9893C409-5635-4556-8871-74C0EAE3F8BB}.AppStore|Any CPU.ActiveCfg = Release|Any CPU
		{9893C409-5635-4556-8871-74C0EAE3F8BB}.AppStore|Any CPU.Build.0 = Release|Any CPU
		{9893C409-5635-4556-8871-74C0EAE3F8BB}.AppStore|ARM.ActiveCfg = Release|Any CPU
		{9893C409-5635-4556-8871-74C0EAE3F8BB}.AppStore|ARM.Build.0 = Release|Any CPU
		{9893C409-5635-4556-8871-74C0EAE3F8BB}.AppStore|iPhone.ActiveCfg = Release|Any CPU
		{9893C409-5635-4556-8871-74C0EAE3F8BB}.AppStore|iPhone.Build.0 = Release|Any CPU
		{9893C409-5635-4556-8871-74C0EAE3F8BB}.AppStore|iPhoneSimulator.ActiveCfg = Release|Any CPU
		{9893C409-5635-4556-8871-74C0EAE3F8BB}.AppStore|iPhoneSimulator.Build.0 = Release|Any CPU
		{9893C409-5635-4556-8871-74C0EAE3F8BB}.AppStore|x64.ActiveCfg = Release|Any CPU
		{9893C409-5635-4556-8871-74C0EAE3F8BB}.AppStore|x64.Build.0 = Release|Any CPU
		{9893C409-5635-4556-8871-74C0EAE3F8BB}.AppStore|x86.ActiveCfg = Release|Any CPU
		{9893C409-5635-4556-8871-74C0EAE3F8BB}.AppStore|x86.Build.0 = Release|Any CPU
		{9893C409-5635-4556-8871-74C0EAE3F8BB}.Debug|Any CPU.ActiveCfg = Debug|Any CPU
		{9893C409-5635-4556-8871-74C0EAE3F8BB}.Debug|Any CPU.Build.0 = Debug|Any CPU
		{9893C409-5635-4556-8871-74C0EAE3F8BB}.Debug|ARM.ActiveCfg = Debug|Any CPU
		{9893C409-5635-4556-8871-74C0EAE3F8BB}.Debug|ARM.Build.0 = Debug|Any CPU
		{9893C409-5635-4556-8871-74C0EAE3F8BB}.Debug|iPhone.ActiveCfg = Debug|Any CPU
		{9893C409-5635-4556-8871-74C0EAE3F8BB}.Debug|iPhone.Build.0 = Debug|Any CPU
		{9893C409-5635-4556-8871-74C0EAE3F8BB}.Debug|iPhoneSimulator.ActiveCfg = Debug|Any CPU
		{9893C409-5635-4556-8871-74C0EAE3F8BB}.Debug|iPhoneSimulator.Build.0 = Debug|Any CPU
		{9893C409-5635-4556-8871-74C0EAE3F8BB}.Debug|x64.ActiveCfg = Debug|Any CPU
		{9893C409-5635-4556-8871-74C0EAE3F8BB}.Debug|x64.Build.0 = Debug|Any CPU
		{9893C409-5635-4556-8871-74C0EAE3F8BB}.Debug|x86.ActiveCfg = Debug|Any CPU
		{9893C409-5635-4556-8871-74C0EAE3F8BB}.Debug|x86.Build.0 = Debug|Any CPU
		{9893C409-5635-4556-8871-74C0EAE3F8BB}.Release|Any CPU.ActiveCfg = Release|Any CPU
		{9893C409-5635-4556-8871-74C0EAE3F8BB}.Release|Any CPU.Build.0 = Release|Any CPU
		{9893C409-5635-4556-8871-74C0EAE3F8BB}.Release|ARM.ActiveCfg = Release|Any CPU
		{9893C409-5635-4556-8871-74C0EAE3F8BB}.Release|ARM.Build.0 = Release|Any CPU
		{9893C409-5635-4556-8871-74C0EAE3F8BB}.Release|iPhone.ActiveCfg = Release|Any CPU
		{9893C409-5635-4556-8871-74C0EAE3F8BB}.Release|iPhone.Build.0 = Release|Any CPU
		{9893C409-5635-4556-8871-74C0EAE3F8BB}.Release|iPhoneSimulator.ActiveCfg = Release|Any CPU
		{9893C409-5635-4556-8871-74C0EAE3F8BB}.Release|iPhoneSimulator.Build.0 = Release|Any CPU
		{9893C409-5635-4556-8871-74C0EAE3F8BB}.Release|x64.ActiveCfg = Release|Any CPU
		{9893C409-5635-4556-8871-74C0EAE3F8BB}.Release|x64.Build.0 = Release|Any CPU
		{9893C409-5635-4556-8871-74C0EAE3F8BB}.Release|x86.ActiveCfg = Release|Any CPU
		{9893C409-5635-4556-8871-74C0EAE3F8BB}.Release|x86.Build.0 = Release|Any CPU
		{BA0BA220-3DA8-4300-B4A6-33F60FDA4CC0}.Ad-Hoc|Any CPU.ActiveCfg = Release|Any CPU
		{BA0BA220-3DA8-4300-B4A6-33F60FDA4CC0}.Ad-Hoc|Any CPU.Build.0 = Release|Any CPU
		{BA0BA220-3DA8-4300-B4A6-33F60FDA4CC0}.Ad-Hoc|ARM.ActiveCfg = Release|Any CPU
		{BA0BA220-3DA8-4300-B4A6-33F60FDA4CC0}.Ad-Hoc|ARM.Build.0 = Release|Any CPU
		{BA0BA220-3DA8-4300-B4A6-33F60FDA4CC0}.Ad-Hoc|iPhone.ActiveCfg = Release|Any CPU
		{BA0BA220-3DA8-4300-B4A6-33F60FDA4CC0}.Ad-Hoc|iPhone.Build.0 = Release|Any CPU
		{BA0BA220-3DA8-4300-B4A6-33F60FDA4CC0}.Ad-Hoc|iPhoneSimulator.ActiveCfg = Release|Any CPU
		{BA0BA220-3DA8-4300-B4A6-33F60FDA4CC0}.Ad-Hoc|iPhoneSimulator.Build.0 = Release|Any CPU
		{BA0BA220-3DA8-4300-B4A6-33F60FDA4CC0}.Ad-Hoc|x64.ActiveCfg = Release|Any CPU
		{BA0BA220-3DA8-4300-B4A6-33F60FDA4CC0}.Ad-Hoc|x64.Build.0 = Release|Any CPU
		{BA0BA220-3DA8-4300-B4A6-33F60FDA4CC0}.Ad-Hoc|x86.ActiveCfg = Release|Any CPU
		{BA0BA220-3DA8-4300-B4A6-33F60FDA4CC0}.Ad-Hoc|x86.Build.0 = Release|Any CPU
		{BA0BA220-3DA8-4300-B4A6-33F60FDA4CC0}.AppStore|Any CPU.ActiveCfg = Release|Any CPU
		{BA0BA220-3DA8-4300-B4A6-33F60FDA4CC0}.AppStore|Any CPU.Build.0 = Release|Any CPU
		{BA0BA220-3DA8-4300-B4A6-33F60FDA4CC0}.AppStore|ARM.ActiveCfg = Release|Any CPU
		{BA0BA220-3DA8-4300-B4A6-33F60FDA4CC0}.AppStore|ARM.Build.0 = Release|Any CPU
		{BA0BA220-3DA8-4300-B4A6-33F60FDA4CC0}.AppStore|iPhone.ActiveCfg = Release|Any CPU
		{BA0BA220-3DA8-4300-B4A6-33F60FDA4CC0}.AppStore|iPhone.Build.0 = Release|Any CPU
		{BA0BA220-3DA8-4300-B4A6-33F60FDA4CC0}.AppStore|iPhoneSimulator.ActiveCfg = Release|Any CPU
		{BA0BA220-3DA8-4300-B4A6-33F60FDA4CC0}.AppStore|iPhoneSimulator.Build.0 = Release|Any CPU
		{BA0BA220-3DA8-4300-B4A6-33F60FDA4CC0}.AppStore|x64.ActiveCfg = Release|Any CPU
		{BA0BA220-3DA8-4300-B4A6-33F60FDA4CC0}.AppStore|x64.Build.0 = Release|Any CPU
		{BA0BA220-3DA8-4300-B4A6-33F60FDA4CC0}.AppStore|x86.ActiveCfg = Release|Any CPU
		{BA0BA220-3DA8-4300-B4A6-33F60FDA4CC0}.AppStore|x86.Build.0 = Release|Any CPU
		{BA0BA220-3DA8-4300-B4A6-33F60FDA4CC0}.Debug|Any CPU.ActiveCfg = Debug|Any CPU
		{BA0BA220-3DA8-4300-B4A6-33F60FDA4CC0}.Debug|Any CPU.Build.0 = Debug|Any CPU
		{BA0BA220-3DA8-4300-B4A6-33F60FDA4CC0}.Debug|ARM.ActiveCfg = Debug|Any CPU
		{BA0BA220-3DA8-4300-B4A6-33F60FDA4CC0}.Debug|ARM.Build.0 = Debug|Any CPU
		{BA0BA220-3DA8-4300-B4A6-33F60FDA4CC0}.Debug|iPhone.ActiveCfg = Debug|Any CPU
		{BA0BA220-3DA8-4300-B4A6-33F60FDA4CC0}.Debug|iPhone.Build.0 = Debug|Any CPU
		{BA0BA220-3DA8-4300-B4A6-33F60FDA4CC0}.Debug|iPhoneSimulator.ActiveCfg = Debug|Any CPU
		{BA0BA220-3DA8-4300-B4A6-33F60FDA4CC0}.Debug|iPhoneSimulator.Build.0 = Debug|Any CPU
		{BA0BA220-3DA8-4300-B4A6-33F60FDA4CC0}.Debug|x64.ActiveCfg = Debug|Any CPU
		{BA0BA220-3DA8-4300-B4A6-33F60FDA4CC0}.Debug|x64.Build.0 = Debug|Any CPU
		{BA0BA220-3DA8-4300-B4A6-33F60FDA4CC0}.Debug|x86.ActiveCfg = Debug|Any CPU
		{BA0BA220-3DA8-4300-B4A6-33F60FDA4CC0}.Debug|x86.Build.0 = Debug|Any CPU
		{BA0BA220-3DA8-4300-B4A6-33F60FDA4CC0}.Release|Any CPU.ActiveCfg = Release|Any CPU
		{BA0BA220-3DA8-4300-B4A6-33F60FDA4CC0}.Release|Any CPU.Build.0 = Release|Any CPU
		{BA0BA220-3DA8-4300-B4A6-33F60FDA4CC0}.Release|ARM.ActiveCfg = Release|Any CPU
		{BA0BA220-3DA8-4300-B4A6-33F60FDA4CC0}.Release|ARM.Build.0 = Release|Any CPU
		{BA0BA220-3DA8-4300-B4A6-33F60FDA4CC0}.Release|iPhone.ActiveCfg = Release|Any CPU
		{BA0BA220-3DA8-4300-B4A6-33F60FDA4CC0}.Release|iPhone.Build.0 = Release|Any CPU
		{BA0BA220-3DA8-4300-B4A6-33F60FDA4CC0}.Release|iPhoneSimulator.ActiveCfg = Release|Any CPU
		{BA0BA220-3DA8-4300-B4A6-33F60FDA4CC0}.Release|iPhoneSimulator.Build.0 = Release|Any CPU
		{BA0BA220-3DA8-4300-B4A6-33F60FDA4CC0}.Release|x64.ActiveCfg = Release|Any CPU
		{BA0BA220-3DA8-4300-B4A6-33F60FDA4CC0}.Release|x64.Build.0 = Release|Any CPU
		{BA0BA220-3DA8-4300-B4A6-33F60FDA4CC0}.Release|x86.ActiveCfg = Release|Any CPU
		{BA0BA220-3DA8-4300-B4A6-33F60FDA4CC0}.Release|x86.Build.0 = Release|Any CPU
		{6A3D8361-6E03-41DA-8428-27696737E38C}.Ad-Hoc|Any CPU.ActiveCfg = Debug|Any CPU
		{6A3D8361-6E03-41DA-8428-27696737E38C}.Ad-Hoc|Any CPU.Build.0 = Debug|Any CPU
		{6A3D8361-6E03-41DA-8428-27696737E38C}.Ad-Hoc|ARM.ActiveCfg = Debug|Any CPU
		{6A3D8361-6E03-41DA-8428-27696737E38C}.Ad-Hoc|ARM.Build.0 = Debug|Any CPU
		{6A3D8361-6E03-41DA-8428-27696737E38C}.Ad-Hoc|iPhone.ActiveCfg = Debug|Any CPU
		{6A3D8361-6E03-41DA-8428-27696737E38C}.Ad-Hoc|iPhone.Build.0 = Debug|Any CPU
		{6A3D8361-6E03-41DA-8428-27696737E38C}.Ad-Hoc|iPhoneSimulator.ActiveCfg = Debug|Any CPU
		{6A3D8361-6E03-41DA-8428-27696737E38C}.Ad-Hoc|iPhoneSimulator.Build.0 = Debug|Any CPU
		{6A3D8361-6E03-41DA-8428-27696737E38C}.Ad-Hoc|x64.ActiveCfg = Debug|Any CPU
		{6A3D8361-6E03-41DA-8428-27696737E38C}.Ad-Hoc|x64.Build.0 = Debug|Any CPU
		{6A3D8361-6E03-41DA-8428-27696737E38C}.Ad-Hoc|x86.ActiveCfg = Debug|Any CPU
		{6A3D8361-6E03-41DA-8428-27696737E38C}.Ad-Hoc|x86.Build.0 = Debug|Any CPU
		{6A3D8361-6E03-41DA-8428-27696737E38C}.AppStore|Any CPU.ActiveCfg = Debug|Any CPU
		{6A3D8361-6E03-41DA-8428-27696737E38C}.AppStore|Any CPU.Build.0 = Debug|Any CPU
		{6A3D8361-6E03-41DA-8428-27696737E38C}.AppStore|ARM.ActiveCfg = Debug|Any CPU
		{6A3D8361-6E03-41DA-8428-27696737E38C}.AppStore|ARM.Build.0 = Debug|Any CPU
		{6A3D8361-6E03-41DA-8428-27696737E38C}.AppStore|iPhone.ActiveCfg = Debug|Any CPU
		{6A3D8361-6E03-41DA-8428-27696737E38C}.AppStore|iPhone.Build.0 = Debug|Any CPU
		{6A3D8361-6E03-41DA-8428-27696737E38C}.AppStore|iPhoneSimulator.ActiveCfg = Debug|Any CPU
		{6A3D8361-6E03-41DA-8428-27696737E38C}.AppStore|iPhoneSimulator.Build.0 = Debug|Any CPU
		{6A3D8361-6E03-41DA-8428-27696737E38C}.AppStore|x64.ActiveCfg = Debug|Any CPU
		{6A3D8361-6E03-41DA-8428-27696737E38C}.AppStore|x64.Build.0 = Debug|Any CPU
		{6A3D8361-6E03-41DA-8428-27696737E38C}.AppStore|x86.ActiveCfg = Debug|Any CPU
		{6A3D8361-6E03-41DA-8428-27696737E38C}.AppStore|x86.Build.0 = Debug|Any CPU
		{6A3D8361-6E03-41DA-8428-27696737E38C}.Debug|Any CPU.ActiveCfg = Debug|Any CPU
		{6A3D8361-6E03-41DA-8428-27696737E38C}.Debug|Any CPU.Build.0 = Debug|Any CPU
		{6A3D8361-6E03-41DA-8428-27696737E38C}.Debug|ARM.ActiveCfg = Debug|Any CPU
		{6A3D8361-6E03-41DA-8428-27696737E38C}.Debug|ARM.Build.0 = Debug|Any CPU
		{6A3D8361-6E03-41DA-8428-27696737E38C}.Debug|iPhone.ActiveCfg = Debug|Any CPU
		{6A3D8361-6E03-41DA-8428-27696737E38C}.Debug|iPhone.Build.0 = Debug|Any CPU
		{6A3D8361-6E03-41DA-8428-27696737E38C}.Debug|iPhoneSimulator.ActiveCfg = Debug|Any CPU
		{6A3D8361-6E03-41DA-8428-27696737E38C}.Debug|iPhoneSimulator.Build.0 = Debug|Any CPU
		{6A3D8361-6E03-41DA-8428-27696737E38C}.Debug|x64.ActiveCfg = Debug|Any CPU
		{6A3D8361-6E03-41DA-8428-27696737E38C}.Debug|x64.Build.0 = Debug|Any CPU
		{6A3D8361-6E03-41DA-8428-27696737E38C}.Debug|x86.ActiveCfg = Debug|Any CPU
		{6A3D8361-6E03-41DA-8428-27696737E38C}.Debug|x86.Build.0 = Debug|Any CPU
		{6A3D8361-6E03-41DA-8428-27696737E38C}.Release|Any CPU.ActiveCfg = Release|Any CPU
		{6A3D8361-6E03-41DA-8428-27696737E38C}.Release|Any CPU.Build.0 = Release|Any CPU
		{6A3D8361-6E03-41DA-8428-27696737E38C}.Release|ARM.ActiveCfg = Release|Any CPU
		{6A3D8361-6E03-41DA-8428-27696737E38C}.Release|ARM.Build.0 = Release|Any CPU
		{6A3D8361-6E03-41DA-8428-27696737E38C}.Release|iPhone.ActiveCfg = Release|Any CPU
		{6A3D8361-6E03-41DA-8428-27696737E38C}.Release|iPhone.Build.0 = Release|Any CPU
		{6A3D8361-6E03-41DA-8428-27696737E38C}.Release|iPhoneSimulator.ActiveCfg = Release|Any CPU
		{6A3D8361-6E03-41DA-8428-27696737E38C}.Release|iPhoneSimulator.Build.0 = Release|Any CPU
		{6A3D8361-6E03-41DA-8428-27696737E38C}.Release|x64.ActiveCfg = Release|Any CPU
		{6A3D8361-6E03-41DA-8428-27696737E38C}.Release|x64.Build.0 = Release|Any CPU
		{6A3D8361-6E03-41DA-8428-27696737E38C}.Release|x86.ActiveCfg = Release|Any CPU
		{6A3D8361-6E03-41DA-8428-27696737E38C}.Release|x86.Build.0 = Release|Any CPU
		{3A8C9F31-FCDE-45AA-8BE2-BB8ABAED3F60}.Ad-Hoc|Any CPU.ActiveCfg = Release|Any CPU
		{3A8C9F31-FCDE-45AA-8BE2-BB8ABAED3F60}.Ad-Hoc|Any CPU.Build.0 = Release|Any CPU
		{3A8C9F31-FCDE-45AA-8BE2-BB8ABAED3F60}.Ad-Hoc|Any CPU.Deploy.0 = Release|Any CPU
		{3A8C9F31-FCDE-45AA-8BE2-BB8ABAED3F60}.Ad-Hoc|ARM.ActiveCfg = Release|Any CPU
		{3A8C9F31-FCDE-45AA-8BE2-BB8ABAED3F60}.Ad-Hoc|ARM.Build.0 = Release|Any CPU
		{3A8C9F31-FCDE-45AA-8BE2-BB8ABAED3F60}.Ad-Hoc|ARM.Deploy.0 = Release|Any CPU
		{3A8C9F31-FCDE-45AA-8BE2-BB8ABAED3F60}.Ad-Hoc|iPhone.ActiveCfg = Release|Any CPU
		{3A8C9F31-FCDE-45AA-8BE2-BB8ABAED3F60}.Ad-Hoc|iPhone.Build.0 = Release|Any CPU
		{3A8C9F31-FCDE-45AA-8BE2-BB8ABAED3F60}.Ad-Hoc|iPhone.Deploy.0 = Release|Any CPU
		{3A8C9F31-FCDE-45AA-8BE2-BB8ABAED3F60}.Ad-Hoc|iPhoneSimulator.ActiveCfg = Release|Any CPU
		{3A8C9F31-FCDE-45AA-8BE2-BB8ABAED3F60}.Ad-Hoc|iPhoneSimulator.Build.0 = Release|Any CPU
		{3A8C9F31-FCDE-45AA-8BE2-BB8ABAED3F60}.Ad-Hoc|iPhoneSimulator.Deploy.0 = Release|Any CPU
		{3A8C9F31-FCDE-45AA-8BE2-BB8ABAED3F60}.Ad-Hoc|x64.ActiveCfg = Release|Any CPU
		{3A8C9F31-FCDE-45AA-8BE2-BB8ABAED3F60}.Ad-Hoc|x64.Build.0 = Release|Any CPU
		{3A8C9F31-FCDE-45AA-8BE2-BB8ABAED3F60}.Ad-Hoc|x64.Deploy.0 = Release|Any CPU
		{3A8C9F31-FCDE-45AA-8BE2-BB8ABAED3F60}.Ad-Hoc|x86.ActiveCfg = Release|Any CPU
		{3A8C9F31-FCDE-45AA-8BE2-BB8ABAED3F60}.Ad-Hoc|x86.Build.0 = Release|Any CPU
		{3A8C9F31-FCDE-45AA-8BE2-BB8ABAED3F60}.Ad-Hoc|x86.Deploy.0 = Release|Any CPU
		{3A8C9F31-FCDE-45AA-8BE2-BB8ABAED3F60}.AppStore|Any CPU.ActiveCfg = Release|Any CPU
		{3A8C9F31-FCDE-45AA-8BE2-BB8ABAED3F60}.AppStore|Any CPU.Build.0 = Release|Any CPU
		{3A8C9F31-FCDE-45AA-8BE2-BB8ABAED3F60}.AppStore|Any CPU.Deploy.0 = Release|Any CPU
		{3A8C9F31-FCDE-45AA-8BE2-BB8ABAED3F60}.AppStore|ARM.ActiveCfg = Release|Any CPU
		{3A8C9F31-FCDE-45AA-8BE2-BB8ABAED3F60}.AppStore|ARM.Build.0 = Release|Any CPU
		{3A8C9F31-FCDE-45AA-8BE2-BB8ABAED3F60}.AppStore|ARM.Deploy.0 = Release|Any CPU
		{3A8C9F31-FCDE-45AA-8BE2-BB8ABAED3F60}.AppStore|iPhone.ActiveCfg = Release|Any CPU
		{3A8C9F31-FCDE-45AA-8BE2-BB8ABAED3F60}.AppStore|iPhone.Build.0 = Release|Any CPU
		{3A8C9F31-FCDE-45AA-8BE2-BB8ABAED3F60}.AppStore|iPhone.Deploy.0 = Release|Any CPU
		{3A8C9F31-FCDE-45AA-8BE2-BB8ABAED3F60}.AppStore|iPhoneSimulator.ActiveCfg = Release|Any CPU
		{3A8C9F31-FCDE-45AA-8BE2-BB8ABAED3F60}.AppStore|iPhoneSimulator.Build.0 = Release|Any CPU
		{3A8C9F31-FCDE-45AA-8BE2-BB8ABAED3F60}.AppStore|iPhoneSimulator.Deploy.0 = Release|Any CPU
		{3A8C9F31-FCDE-45AA-8BE2-BB8ABAED3F60}.AppStore|x64.ActiveCfg = Release|Any CPU
		{3A8C9F31-FCDE-45AA-8BE2-BB8ABAED3F60}.AppStore|x64.Build.0 = Release|Any CPU
		{3A8C9F31-FCDE-45AA-8BE2-BB8ABAED3F60}.AppStore|x64.Deploy.0 = Release|Any CPU
		{3A8C9F31-FCDE-45AA-8BE2-BB8ABAED3F60}.AppStore|x86.ActiveCfg = Release|Any CPU
		{3A8C9F31-FCDE-45AA-8BE2-BB8ABAED3F60}.AppStore|x86.Build.0 = Release|Any CPU
		{3A8C9F31-FCDE-45AA-8BE2-BB8ABAED3F60}.AppStore|x86.Deploy.0 = Release|Any CPU
		{3A8C9F31-FCDE-45AA-8BE2-BB8ABAED3F60}.Debug|Any CPU.ActiveCfg = Debug|Any CPU
		{3A8C9F31-FCDE-45AA-8BE2-BB8ABAED3F60}.Debug|Any CPU.Build.0 = Debug|Any CPU
		{3A8C9F31-FCDE-45AA-8BE2-BB8ABAED3F60}.Debug|Any CPU.Deploy.0 = Debug|Any CPU
		{3A8C9F31-FCDE-45AA-8BE2-BB8ABAED3F60}.Debug|ARM.ActiveCfg = Debug|Any CPU
		{3A8C9F31-FCDE-45AA-8BE2-BB8ABAED3F60}.Debug|ARM.Build.0 = Debug|Any CPU
		{3A8C9F31-FCDE-45AA-8BE2-BB8ABAED3F60}.Debug|ARM.Deploy.0 = Debug|Any CPU
		{3A8C9F31-FCDE-45AA-8BE2-BB8ABAED3F60}.Debug|iPhone.ActiveCfg = Debug|Any CPU
		{3A8C9F31-FCDE-45AA-8BE2-BB8ABAED3F60}.Debug|iPhone.Build.0 = Debug|Any CPU
		{3A8C9F31-FCDE-45AA-8BE2-BB8ABAED3F60}.Debug|iPhone.Deploy.0 = Debug|Any CPU
		{3A8C9F31-FCDE-45AA-8BE2-BB8ABAED3F60}.Debug|iPhoneSimulator.ActiveCfg = Debug|Any CPU
		{3A8C9F31-FCDE-45AA-8BE2-BB8ABAED3F60}.Debug|iPhoneSimulator.Build.0 = Debug|Any CPU
		{3A8C9F31-FCDE-45AA-8BE2-BB8ABAED3F60}.Debug|iPhoneSimulator.Deploy.0 = Debug|Any CPU
		{3A8C9F31-FCDE-45AA-8BE2-BB8ABAED3F60}.Debug|x64.ActiveCfg = Debug|Any CPU
		{3A8C9F31-FCDE-45AA-8BE2-BB8ABAED3F60}.Debug|x64.Build.0 = Debug|Any CPU
		{3A8C9F31-FCDE-45AA-8BE2-BB8ABAED3F60}.Debug|x64.Deploy.0 = Debug|Any CPU
		{3A8C9F31-FCDE-45AA-8BE2-BB8ABAED3F60}.Debug|x86.ActiveCfg = Debug|Any CPU
		{3A8C9F31-FCDE-45AA-8BE2-BB8ABAED3F60}.Debug|x86.Build.0 = Debug|Any CPU
		{3A8C9F31-FCDE-45AA-8BE2-BB8ABAED3F60}.Debug|x86.Deploy.0 = Debug|Any CPU
		{3A8C9F31-FCDE-45AA-8BE2-BB8ABAED3F60}.Release|Any CPU.ActiveCfg = Release|Any CPU
		{3A8C9F31-FCDE-45AA-8BE2-BB8ABAED3F60}.Release|Any CPU.Build.0 = Release|Any CPU
		{3A8C9F31-FCDE-45AA-8BE2-BB8ABAED3F60}.Release|Any CPU.Deploy.0 = Release|Any CPU
		{3A8C9F31-FCDE-45AA-8BE2-BB8ABAED3F60}.Release|ARM.ActiveCfg = Release|Any CPU
		{3A8C9F31-FCDE-45AA-8BE2-BB8ABAED3F60}.Release|ARM.Build.0 = Release|Any CPU
		{3A8C9F31-FCDE-45AA-8BE2-BB8ABAED3F60}.Release|ARM.Deploy.0 = Release|Any CPU
		{3A8C9F31-FCDE-45AA-8BE2-BB8ABAED3F60}.Release|iPhone.ActiveCfg = Release|Any CPU
		{3A8C9F31-FCDE-45AA-8BE2-BB8ABAED3F60}.Release|iPhone.Build.0 = Release|Any CPU
		{3A8C9F31-FCDE-45AA-8BE2-BB8ABAED3F60}.Release|iPhone.Deploy.0 = Release|Any CPU
		{3A8C9F31-FCDE-45AA-8BE2-BB8ABAED3F60}.Release|iPhoneSimulator.ActiveCfg = Release|Any CPU
		{3A8C9F31-FCDE-45AA-8BE2-BB8ABAED3F60}.Release|iPhoneSimulator.Build.0 = Release|Any CPU
		{3A8C9F31-FCDE-45AA-8BE2-BB8ABAED3F60}.Release|iPhoneSimulator.Deploy.0 = Release|Any CPU
		{3A8C9F31-FCDE-45AA-8BE2-BB8ABAED3F60}.Release|x64.ActiveCfg = Release|Any CPU
		{3A8C9F31-FCDE-45AA-8BE2-BB8ABAED3F60}.Release|x64.Build.0 = Release|Any CPU
		{3A8C9F31-FCDE-45AA-8BE2-BB8ABAED3F60}.Release|x64.Deploy.0 = Release|Any CPU
		{3A8C9F31-FCDE-45AA-8BE2-BB8ABAED3F60}.Release|x86.ActiveCfg = Release|Any CPU
		{3A8C9F31-FCDE-45AA-8BE2-BB8ABAED3F60}.Release|x86.Build.0 = Release|Any CPU
		{3A8C9F31-FCDE-45AA-8BE2-BB8ABAED3F60}.Release|x86.Deploy.0 = Release|Any CPU
		{327D37CE-4BB7-4EBA-9925-52B3AC415D5B}.Ad-Hoc|Any CPU.ActiveCfg = Ad-Hoc|iPhone
		{327D37CE-4BB7-4EBA-9925-52B3AC415D5B}.Ad-Hoc|ARM.ActiveCfg = Ad-Hoc|iPhone
		{327D37CE-4BB7-4EBA-9925-52B3AC415D5B}.Ad-Hoc|iPhone.ActiveCfg = Ad-Hoc|iPhone
		{327D37CE-4BB7-4EBA-9925-52B3AC415D5B}.Ad-Hoc|iPhone.Build.0 = Ad-Hoc|iPhone
		{327D37CE-4BB7-4EBA-9925-52B3AC415D5B}.Ad-Hoc|iPhoneSimulator.ActiveCfg = Ad-Hoc|iPhoneSimulator
		{327D37CE-4BB7-4EBA-9925-52B3AC415D5B}.Ad-Hoc|iPhoneSimulator.Build.0 = Ad-Hoc|iPhoneSimulator
		{327D37CE-4BB7-4EBA-9925-52B3AC415D5B}.Ad-Hoc|x64.ActiveCfg = Ad-Hoc|iPhone
		{327D37CE-4BB7-4EBA-9925-52B3AC415D5B}.Ad-Hoc|x86.ActiveCfg = Ad-Hoc|iPhone
		{327D37CE-4BB7-4EBA-9925-52B3AC415D5B}.AppStore|Any CPU.ActiveCfg = AppStore|iPhone
		{327D37CE-4BB7-4EBA-9925-52B3AC415D5B}.AppStore|ARM.ActiveCfg = AppStore|iPhone
		{327D37CE-4BB7-4EBA-9925-52B3AC415D5B}.AppStore|iPhone.ActiveCfg = AppStore|iPhone
		{327D37CE-4BB7-4EBA-9925-52B3AC415D5B}.AppStore|iPhone.Build.0 = AppStore|iPhone
		{327D37CE-4BB7-4EBA-9925-52B3AC415D5B}.AppStore|iPhoneSimulator.ActiveCfg = AppStore|iPhoneSimulator
		{327D37CE-4BB7-4EBA-9925-52B3AC415D5B}.AppStore|iPhoneSimulator.Build.0 = AppStore|iPhoneSimulator
		{327D37CE-4BB7-4EBA-9925-52B3AC415D5B}.AppStore|x64.ActiveCfg = AppStore|iPhone
		{327D37CE-4BB7-4EBA-9925-52B3AC415D5B}.AppStore|x86.ActiveCfg = AppStore|iPhone
		{327D37CE-4BB7-4EBA-9925-52B3AC415D5B}.Debug|Any CPU.ActiveCfg = Debug|iPhone
		{327D37CE-4BB7-4EBA-9925-52B3AC415D5B}.Debug|ARM.ActiveCfg = Debug|iPhone
		{327D37CE-4BB7-4EBA-9925-52B3AC415D5B}.Debug|iPhone.ActiveCfg = Debug|iPhone
		{327D37CE-4BB7-4EBA-9925-52B3AC415D5B}.Debug|iPhone.Build.0 = Debug|iPhone
		{327D37CE-4BB7-4EBA-9925-52B3AC415D5B}.Debug|iPhoneSimulator.ActiveCfg = Debug|iPhoneSimulator
		{327D37CE-4BB7-4EBA-9925-52B3AC415D5B}.Debug|iPhoneSimulator.Build.0 = Debug|iPhoneSimulator
		{327D37CE-4BB7-4EBA-9925-52B3AC415D5B}.Debug|x64.ActiveCfg = Debug|iPhone
		{327D37CE-4BB7-4EBA-9925-52B3AC415D5B}.Debug|x86.ActiveCfg = Debug|iPhone
		{327D37CE-4BB7-4EBA-9925-52B3AC415D5B}.Release|Any CPU.ActiveCfg = Release|iPhone
		{327D37CE-4BB7-4EBA-9925-52B3AC415D5B}.Release|ARM.ActiveCfg = Release|iPhone
		{327D37CE-4BB7-4EBA-9925-52B3AC415D5B}.Release|iPhone.ActiveCfg = Release|iPhone
		{327D37CE-4BB7-4EBA-9925-52B3AC415D5B}.Release|iPhone.Build.0 = Release|iPhone
		{327D37CE-4BB7-4EBA-9925-52B3AC415D5B}.Release|iPhoneSimulator.ActiveCfg = Release|iPhoneSimulator
		{327D37CE-4BB7-4EBA-9925-52B3AC415D5B}.Release|iPhoneSimulator.Build.0 = Release|iPhoneSimulator
		{327D37CE-4BB7-4EBA-9925-52B3AC415D5B}.Release|x64.ActiveCfg = Release|iPhone
		{327D37CE-4BB7-4EBA-9925-52B3AC415D5B}.Release|x86.ActiveCfg = Release|iPhone
		{66E4CFBA-F8F8-471A-A329-54CEDD17BF25}.Ad-Hoc|Any CPU.ActiveCfg = Debug|Any CPU
		{66E4CFBA-F8F8-471A-A329-54CEDD17BF25}.Ad-Hoc|Any CPU.Build.0 = Debug|Any CPU
		{66E4CFBA-F8F8-471A-A329-54CEDD17BF25}.Ad-Hoc|ARM.ActiveCfg = Debug|Any CPU
		{66E4CFBA-F8F8-471A-A329-54CEDD17BF25}.Ad-Hoc|ARM.Build.0 = Debug|Any CPU
		{66E4CFBA-F8F8-471A-A329-54CEDD17BF25}.Ad-Hoc|iPhone.ActiveCfg = Debug|Any CPU
		{66E4CFBA-F8F8-471A-A329-54CEDD17BF25}.Ad-Hoc|iPhone.Build.0 = Debug|Any CPU
		{66E4CFBA-F8F8-471A-A329-54CEDD17BF25}.Ad-Hoc|iPhoneSimulator.ActiveCfg = Debug|Any CPU
		{66E4CFBA-F8F8-471A-A329-54CEDD17BF25}.Ad-Hoc|iPhoneSimulator.Build.0 = Debug|Any CPU
		{66E4CFBA-F8F8-471A-A329-54CEDD17BF25}.Ad-Hoc|x64.ActiveCfg = Debug|Any CPU
		{66E4CFBA-F8F8-471A-A329-54CEDD17BF25}.Ad-Hoc|x64.Build.0 = Debug|Any CPU
		{66E4CFBA-F8F8-471A-A329-54CEDD17BF25}.Ad-Hoc|x86.ActiveCfg = Debug|Any CPU
		{66E4CFBA-F8F8-471A-A329-54CEDD17BF25}.Ad-Hoc|x86.Build.0 = Debug|Any CPU
		{66E4CFBA-F8F8-471A-A329-54CEDD17BF25}.AppStore|Any CPU.ActiveCfg = Debug|Any CPU
		{66E4CFBA-F8F8-471A-A329-54CEDD17BF25}.AppStore|Any CPU.Build.0 = Debug|Any CPU
		{66E4CFBA-F8F8-471A-A329-54CEDD17BF25}.AppStore|ARM.ActiveCfg = Debug|Any CPU
		{66E4CFBA-F8F8-471A-A329-54CEDD17BF25}.AppStore|ARM.Build.0 = Debug|Any CPU
		{66E4CFBA-F8F8-471A-A329-54CEDD17BF25}.AppStore|iPhone.ActiveCfg = Debug|Any CPU
		{66E4CFBA-F8F8-471A-A329-54CEDD17BF25}.AppStore|iPhone.Build.0 = Debug|Any CPU
		{66E4CFBA-F8F8-471A-A329-54CEDD17BF25}.AppStore|iPhoneSimulator.ActiveCfg = Debug|Any CPU
		{66E4CFBA-F8F8-471A-A329-54CEDD17BF25}.AppStore|iPhoneSimulator.Build.0 = Debug|Any CPU
		{66E4CFBA-F8F8-471A-A329-54CEDD17BF25}.AppStore|x64.ActiveCfg = Debug|Any CPU
		{66E4CFBA-F8F8-471A-A329-54CEDD17BF25}.AppStore|x64.Build.0 = Debug|Any CPU
		{66E4CFBA-F8F8-471A-A329-54CEDD17BF25}.AppStore|x86.ActiveCfg = Debug|Any CPU
		{66E4CFBA-F8F8-471A-A329-54CEDD17BF25}.AppStore|x86.Build.0 = Debug|Any CPU
		{66E4CFBA-F8F8-471A-A329-54CEDD17BF25}.Debug|Any CPU.ActiveCfg = Debug|Any CPU
		{66E4CFBA-F8F8-471A-A329-54CEDD17BF25}.Debug|Any CPU.Build.0 = Debug|Any CPU
		{66E4CFBA-F8F8-471A-A329-54CEDD17BF25}.Debug|ARM.ActiveCfg = Debug|Any CPU
		{66E4CFBA-F8F8-471A-A329-54CEDD17BF25}.Debug|ARM.Build.0 = Debug|Any CPU
		{66E4CFBA-F8F8-471A-A329-54CEDD17BF25}.Debug|iPhone.ActiveCfg = Debug|Any CPU
		{66E4CFBA-F8F8-471A-A329-54CEDD17BF25}.Debug|iPhone.Build.0 = Debug|Any CPU
		{66E4CFBA-F8F8-471A-A329-54CEDD17BF25}.Debug|iPhoneSimulator.ActiveCfg = Debug|Any CPU
		{66E4CFBA-F8F8-471A-A329-54CEDD17BF25}.Debug|iPhoneSimulator.Build.0 = Debug|Any CPU
		{66E4CFBA-F8F8-471A-A329-54CEDD17BF25}.Debug|x64.ActiveCfg = Debug|Any CPU
		{66E4CFBA-F8F8-471A-A329-54CEDD17BF25}.Debug|x64.Build.0 = Debug|Any CPU
		{66E4CFBA-F8F8-471A-A329-54CEDD17BF25}.Debug|x86.ActiveCfg = Debug|Any CPU
		{66E4CFBA-F8F8-471A-A329-54CEDD17BF25}.Debug|x86.Build.0 = Debug|Any CPU
		{66E4CFBA-F8F8-471A-A329-54CEDD17BF25}.Release|Any CPU.ActiveCfg = Release|Any CPU
		{66E4CFBA-F8F8-471A-A329-54CEDD17BF25}.Release|Any CPU.Build.0 = Release|Any CPU
		{66E4CFBA-F8F8-471A-A329-54CEDD17BF25}.Release|ARM.ActiveCfg = Release|Any CPU
		{66E4CFBA-F8F8-471A-A329-54CEDD17BF25}.Release|ARM.Build.0 = Release|Any CPU
		{66E4CFBA-F8F8-471A-A329-54CEDD17BF25}.Release|iPhone.ActiveCfg = Release|Any CPU
		{66E4CFBA-F8F8-471A-A329-54CEDD17BF25}.Release|iPhone.Build.0 = Release|Any CPU
		{66E4CFBA-F8F8-471A-A329-54CEDD17BF25}.Release|iPhoneSimulator.ActiveCfg = Release|Any CPU
		{66E4CFBA-F8F8-471A-A329-54CEDD17BF25}.Release|iPhoneSimulator.Build.0 = Release|Any CPU
		{66E4CFBA-F8F8-471A-A329-54CEDD17BF25}.Release|x64.ActiveCfg = Release|Any CPU
		{66E4CFBA-F8F8-471A-A329-54CEDD17BF25}.Release|x64.Build.0 = Release|Any CPU
		{66E4CFBA-F8F8-471A-A329-54CEDD17BF25}.Release|x86.ActiveCfg = Release|Any CPU
		{66E4CFBA-F8F8-471A-A329-54CEDD17BF25}.Release|x86.Build.0 = Release|Any CPU
	EndGlobalSection
	GlobalSection(SolutionProperties) = preSolution
		HideSolutionNode = FALSE
	EndGlobalSection
	GlobalSection(NestedProjects) = preSolution
		{6A3D8361-6E03-41DA-8428-27696737E38C} = {F5895C89-3650-4DE9-91F8-B9DE5FCA127A}
		{3A8C9F31-FCDE-45AA-8BE2-BB8ABAED3F60} = {F5895C89-3650-4DE9-91F8-B9DE5FCA127A}
		{327D37CE-4BB7-4EBA-9925-52B3AC415D5B} = {F5895C89-3650-4DE9-91F8-B9DE5FCA127A}
		{66E4CFBA-F8F8-471A-A329-54CEDD17BF25} = {F5895C89-3650-4DE9-91F8-B9DE5FCA127A}
	EndGlobalSection
	GlobalSection(ExtensibilityGlobals) = postSolution
		SolutionGuid = {EA5336C4-8DC9-4C89-8EA6-33F940E5DA74}
	EndGlobalSection
EndGlobal
