
Microsoft Visual Studio Solution File, Format Version 12.00
# Visual Studio 15
VisualStudioVersion = 15.0.27004.2009
MinimumVisualStudioVersion = 10.0.40219.1
Project("{FAE04EC0-301F-11D3-BF4B-00C04F79EFBC}") = "Minesweeper", "Minesweeper\Minesweeper.csproj", "{876F9AF6-32EA-4349-A9BC-261ACF420762}"
EndProject
Project("{FAE04EC0-301F-11D3-BF4B-00C04F79EFBC}") = "Minesweeper.Test", "Minesweeper.Test\Minesweeper.Test.csproj", "{012A90D0-D1C7-4645-B105-70786750F187}"
EndProject
Project("{FAE04EC0-301F-11D3-BF4B-00C04F79EFBC}") = "NeuralNetwork.View", "NeuralNetwork.View\NeuralNetwork.View.csproj", "{1B2CFFAA-E828-49BB-9F7D-AE921B46F036}"
EndProject
Project("{9A19103F-16F7-4668-BE54-9A1E7A4F7556}") = "Evans.Minesweeper", "Evans.Minesweeper\Evans.Minesweeper.csproj", "{9893C409-5635-4556-8871-74C0EAE3F8BB}"
EndProject
Project("{9A19103F-16F7-4668-BE54-9A1E7A4F7556}") = "Evans.AI", "Evans.AI\Evans.AI.csproj", "{BA0BA220-3DA8-4300-B4A6-33F60FDA4CC0}"
EndProject
Project("{9A19103F-16F7-4668-BE54-9A1E7A4F7556}") = "Minesweeper.Forms", "Minesweeper.Forms\Minesweeper.Forms\Minesweeper.Forms.csproj", "{D923631C-B15F-4996-8EB7-DAC33A907676}"
EndProject
Project("{FAE04EC0-301F-11D3-BF4B-00C04F79EFBC}") = "Minesweeper.Forms.Android", "Minesweeper.Forms\Minesweeper.Forms.Android\Minesweeper.Forms.Android.csproj", "{8828D182-C71D-4BBB-95C8-B3CB909B6CEC}"
EndProject
Project("{FAE04EC0-301F-11D3-BF4B-00C04F79EFBC}") = "Minesweeper.Forms.iOS", "Minesweeper.Forms\Minesweeper.Forms.iOS\Minesweeper.Forms.iOS.csproj", "{84AF40B0-0413-46FB-91CD-A22D2E74FB44}"
EndProject
Project("{FAE04EC0-301F-11D3-BF4B-00C04F79EFBC}") = "Minesweeper.Forms.UWP", "Minesweeper.Forms\Minesweeper.Forms.UWP\Minesweeper.Forms.UWP.csproj", "{DFE1CEC6-E38B-47A4-A428-0CFF653ABE78}"
EndProject
Project("{2150E333-8FDC-42A3-9474-1A3956D46DE8}") = "Xamarin.Forms", "Xamarin.Forms", "{2B4D3D2B-DBA9-402B-9FF3-4160A4DD2617}"
EndProject
Project("{9A19103F-16F7-4668-BE54-9A1E7A4F7556}") = "Compilers", "Compilers\Compilers.csproj", "{1449D9B1-BF39-45EF-A3CC-5FE8D5DC8180}"
EndProject
Project("{FAE04EC0-301F-11D3-BF4B-00C04F79EFBC}") = "Pascal.Ide.Wpf", "Pascal.Ide.Wpf\Pascal.Ide.Wpf.csproj", "{751EDF03-D073-45C7-AC67-566F283DFCC7}"
EndProject
Global
	GlobalSection(SolutionConfigurationPlatforms) = preSolution
		Ad-Hoc|Any CPU = Ad-Hoc|Any CPU
		Ad-Hoc|ARM = Ad-Hoc|ARM
		Ad-Hoc|iPhone = Ad-Hoc|iPhone
		Ad-Hoc|iPhoneSimulator = Ad-Hoc|iPhoneSimulator
		Ad-Hoc|x64 = Ad-Hoc|x64
		Ad-Hoc|x86 = Ad-Hoc|x86
		AppStore|Any CPU = AppStore|Any CPU
		AppStore|ARM = AppStore|ARM
		AppStore|iPhone = AppStore|iPhone
		AppStore|iPhoneSimulator = AppStore|iPhoneSimulator
		AppStore|x64 = AppStore|x64
		AppStore|x86 = AppStore|x86
		Debug|Any CPU = Debug|Any CPU
		Debug|ARM = Debug|ARM
		Debug|iPhone = Debug|iPhone
		Debug|iPhoneSimulator = Debug|iPhoneSimulator
		Debug|x64 = Debug|x64
		Debug|x86 = Debug|x86
		Release|Any CPU = Release|Any CPU
		Release|ARM = Release|ARM
		Release|iPhone = Release|iPhone
		Release|iPhoneSimulator = Release|iPhoneSimulator
		Release|x64 = Release|x64
		Release|x86 = Release|x86
	EndGlobalSection
	GlobalSection(ProjectConfigurationPlatforms) = postSolution
		{876F9AF6-32EA-4349-A9BC-261ACF420762}.Ad-Hoc|Any CPU.ActiveCfg = Release|Any CPU
		{876F9AF6-32EA-4349-A9BC-261ACF420762}.Ad-Hoc|Any CPU.Build.0 = Release|Any CPU
		{876F9AF6-32EA-4349-A9BC-261ACF420762}.Ad-Hoc|ARM.ActiveCfg = Release|Any CPU
		{876F9AF6-32EA-4349-A9BC-261ACF420762}.Ad-Hoc|ARM.Build.0 = Release|Any CPU
		{876F9AF6-32EA-4349-A9BC-261ACF420762}.Ad-Hoc|iPhone.ActiveCfg = Release|Any CPU
		{876F9AF6-32EA-4349-A9BC-261ACF420762}.Ad-Hoc|iPhone.Build.0 = Release|Any CPU
		{876F9AF6-32EA-4349-A9BC-261ACF420762}.Ad-Hoc|iPhoneSimulator.ActiveCfg = Release|Any CPU
		{876F9AF6-32EA-4349-A9BC-261ACF420762}.Ad-Hoc|iPhoneSimulator.Build.0 = Release|Any CPU
		{876F9AF6-32EA-4349-A9BC-261ACF420762}.Ad-Hoc|x64.ActiveCfg = Release|Any CPU
		{876F9AF6-32EA-4349-A9BC-261ACF420762}.Ad-Hoc|x64.Build.0 = Release|Any CPU
		{876F9AF6-32EA-4349-A9BC-261ACF420762}.Ad-Hoc|x86.ActiveCfg = Release|Any CPU
		{876F9AF6-32EA-4349-A9BC-261ACF420762}.Ad-Hoc|x86.Build.0 = Release|Any CPU
		{876F9AF6-32EA-4349-A9BC-261ACF420762}.AppStore|Any CPU.ActiveCfg = Release|Any CPU
		{876F9AF6-32EA-4349-A9BC-261ACF420762}.AppStore|Any CPU.Build.0 = Release|Any CPU
		{876F9AF6-32EA-4349-A9BC-261ACF420762}.AppStore|ARM.ActiveCfg = Release|Any CPU
		{876F9AF6-32EA-4349-A9BC-261ACF420762}.AppStore|ARM.Build.0 = Release|Any CPU
		{876F9AF6-32EA-4349-A9BC-261ACF420762}.AppStore|iPhone.ActiveCfg = Release|Any CPU
		{876F9AF6-32EA-4349-A9BC-261ACF420762}.AppStore|iPhone.Build.0 = Release|Any CPU
		{876F9AF6-32EA-4349-A9BC-261ACF420762}.AppStore|iPhoneSimulator.ActiveCfg = Release|Any CPU
		{876F9AF6-32EA-4349-A9BC-261ACF420762}.AppStore|iPhoneSimulator.Build.0 = Release|Any CPU
		{876F9AF6-32EA-4349-A9BC-261ACF420762}.AppStore|x64.ActiveCfg = Release|Any CPU
		{876F9AF6-32EA-4349-A9BC-261ACF420762}.AppStore|x64.Build.0 = Release|Any CPU
		{876F9AF6-32EA-4349-A9BC-261ACF420762}.AppStore|x86.ActiveCfg = Release|Any CPU
		{876F9AF6-32EA-4349-A9BC-261ACF420762}.AppStore|x86.Build.0 = Release|Any CPU
		{876F9AF6-32EA-4349-A9BC-261ACF420762}.Debug|Any CPU.ActiveCfg = Debug|Any CPU
		{876F9AF6-32EA-4349-A9BC-261ACF420762}.Debug|Any CPU.Build.0 = Debug|Any CPU
		{876F9AF6-32EA-4349-A9BC-261ACF420762}.Debug|ARM.ActiveCfg = Debug|Any CPU
		{876F9AF6-32EA-4349-A9BC-261ACF420762}.Debug|ARM.Build.0 = Debug|Any CPU
		{876F9AF6-32EA-4349-A9BC-261ACF420762}.Debug|iPhone.ActiveCfg = Debug|Any CPU
		{876F9AF6-32EA-4349-A9BC-261ACF420762}.Debug|iPhone.Build.0 = Debug|Any CPU
		{876F9AF6-32EA-4349-A9BC-261ACF420762}.Debug|iPhoneSimulator.ActiveCfg = Debug|Any CPU
		{876F9AF6-32EA-4349-A9BC-261ACF420762}.Debug|iPhoneSimulator.Build.0 = Debug|Any CPU
		{876F9AF6-32EA-4349-A9BC-261ACF420762}.Debug|x64.ActiveCfg = Debug|Any CPU
		{876F9AF6-32EA-4349-A9BC-261ACF420762}.Debug|x64.Build.0 = Debug|Any CPU
		{876F9AF6-32EA-4349-A9BC-261ACF420762}.Debug|x86.ActiveCfg = Debug|Any CPU
		{876F9AF6-32EA-4349-A9BC-261ACF420762}.Debug|x86.Build.0 = Debug|Any CPU
		{876F9AF6-32EA-4349-A9BC-261ACF420762}.Release|Any CPU.ActiveCfg = Release|Any CPU
		{876F9AF6-32EA-4349-A9BC-261ACF420762}.Release|Any CPU.Build.0 = Release|Any CPU
		{876F9AF6-32EA-4349-A9BC-261ACF420762}.Release|ARM.ActiveCfg = Release|Any CPU
		{876F9AF6-32EA-4349-A9BC-261ACF420762}.Release|ARM.Build.0 = Release|Any CPU
		{876F9AF6-32EA-4349-A9BC-261ACF420762}.Release|iPhone.ActiveCfg = Release|Any CPU
		{876F9AF6-32EA-4349-A9BC-261ACF420762}.Release|iPhone.Build.0 = Release|Any CPU
		{876F9AF6-32EA-4349-A9BC-261ACF420762}.Release|iPhoneSimulator.ActiveCfg = Release|Any CPU
		{876F9AF6-32EA-4349-A9BC-261ACF420762}.Release|iPhoneSimulator.Build.0 = Release|Any CPU
		{876F9AF6-32EA-4349-A9BC-261ACF420762}.Release|x64.ActiveCfg = Release|Any CPU
		{876F9AF6-32EA-4349-A9BC-261ACF420762}.Release|x64.Build.0 = Release|Any CPU
		{876F9AF6-32EA-4349-A9BC-261ACF420762}.Release|x86.ActiveCfg = Release|Any CPU
		{876F9AF6-32EA-4349-A9BC-261ACF420762}.Release|x86.Build.0 = Release|Any CPU
		{012A90D0-D1C7-4645-B105-70786750F187}.Ad-Hoc|Any CPU.ActiveCfg = Release|Any CPU
		{012A90D0-D1C7-4645-B105-70786750F187}.Ad-Hoc|Any CPU.Build.0 = Release|Any CPU
		{012A90D0-D1C7-4645-B105-70786750F187}.Ad-Hoc|ARM.ActiveCfg = Release|Any CPU
		{012A90D0-D1C7-4645-B105-70786750F187}.Ad-Hoc|ARM.Build.0 = Release|Any CPU
		{012A90D0-D1C7-4645-B105-70786750F187}.Ad-Hoc|iPhone.ActiveCfg = Release|Any CPU
		{012A90D0-D1C7-4645-B105-70786750F187}.Ad-Hoc|iPhone.Build.0 = Release|Any CPU
		{012A90D0-D1C7-4645-B105-70786750F187}.Ad-Hoc|iPhoneSimulator.ActiveCfg = Release|Any CPU
		{012A90D0-D1C7-4645-B105-70786750F187}.Ad-Hoc|iPhoneSimulator.Build.0 = Release|Any CPU
		{012A90D0-D1C7-4645-B105-70786750F187}.Ad-Hoc|x64.ActiveCfg = Release|Any CPU
		{012A90D0-D1C7-4645-B105-70786750F187}.Ad-Hoc|x64.Build.0 = Release|Any CPU
		{012A90D0-D1C7-4645-B105-70786750F187}.Ad-Hoc|x86.ActiveCfg = Release|Any CPU
		{012A90D0-D1C7-4645-B105-70786750F187}.Ad-Hoc|x86.Build.0 = Release|Any CPU
		{012A90D0-D1C7-4645-B105-70786750F187}.AppStore|Any CPU.ActiveCfg = Release|Any CPU
		{012A90D0-D1C7-4645-B105-70786750F187}.AppStore|Any CPU.Build.0 = Release|Any CPU
		{012A90D0-D1C7-4645-B105-70786750F187}.AppStore|ARM.ActiveCfg = Release|Any CPU
		{012A90D0-D1C7-4645-B105-70786750F187}.AppStore|ARM.Build.0 = Release|Any CPU
		{012A90D0-D1C7-4645-B105-70786750F187}.AppStore|iPhone.ActiveCfg = Release|Any CPU
		{012A90D0-D1C7-4645-B105-70786750F187}.AppStore|iPhone.Build.0 = Release|Any CPU
		{012A90D0-D1C7-4645-B105-70786750F187}.AppStore|iPhoneSimulator.ActiveCfg = Release|Any CPU
		{012A90D0-D1C7-4645-B105-70786750F187}.AppStore|iPhoneSimulator.Build.0 = Release|Any CPU
		{012A90D0-D1C7-4645-B105-70786750F187}.AppStore|x64.ActiveCfg = Release|Any CPU
		{012A90D0-D1C7-4645-B105-70786750F187}.AppStore|x64.Build.0 = Release|Any CPU
		{012A90D0-D1C7-4645-B105-70786750F187}.AppStore|x86.ActiveCfg = Release|Any CPU
		{012A90D0-D1C7-4645-B105-70786750F187}.AppStore|x86.Build.0 = Release|Any CPU
		{012A90D0-D1C7-4645-B105-70786750F187}.Debug|Any CPU.ActiveCfg = Debug|Any CPU
		{012A90D0-D1C7-4645-B105-70786750F187}.Debug|Any CPU.Build.0 = Debug|Any CPU
		{012A90D0-D1C7-4645-B105-70786750F187}.Debug|ARM.ActiveCfg = Debug|Any CPU
		{012A90D0-D1C7-4645-B105-70786750F187}.Debug|ARM.Build.0 = Debug|Any CPU
		{012A90D0-D1C7-4645-B105-70786750F187}.Debug|iPhone.ActiveCfg = Debug|Any CPU
		{012A90D0-D1C7-4645-B105-70786750F187}.Debug|iPhone.Build.0 = Debug|Any CPU
		{012A90D0-D1C7-4645-B105-70786750F187}.Debug|iPhoneSimulator.ActiveCfg = Debug|Any CPU
		{012A90D0-D1C7-4645-B105-70786750F187}.Debug|iPhoneSimulator.Build.0 = Debug|Any CPU
		{012A90D0-D1C7-4645-B105-70786750F187}.Debug|x64.ActiveCfg = Debug|Any CPU
		{012A90D0-D1C7-4645-B105-70786750F187}.Debug|x64.Build.0 = Debug|Any CPU
		{012A90D0-D1C7-4645-B105-70786750F187}.Debug|x86.ActiveCfg = Debug|Any CPU
		{012A90D0-D1C7-4645-B105-70786750F187}.Debug|x86.Build.0 = Debug|Any CPU
		{012A90D0-D1C7-4645-B105-70786750F187}.Release|Any CPU.ActiveCfg = Release|Any CPU
		{012A90D0-D1C7-4645-B105-70786750F187}.Release|Any CPU.Build.0 = Release|Any CPU
		{012A90D0-D1C7-4645-B105-70786750F187}.Release|ARM.ActiveCfg = Release|Any CPU
		{012A90D0-D1C7-4645-B105-70786750F187}.Release|ARM.Build.0 = Release|Any CPU
		{012A90D0-D1C7-4645-B105-70786750F187}.Release|iPhone.ActiveCfg = Release|Any CPU
		{012A90D0-D1C7-4645-B105-70786750F187}.Release|iPhone.Build.0 = Release|Any CPU
		{012A90D0-D1C7-4645-B105-70786750F187}.Release|iPhoneSimulator.ActiveCfg = Release|Any CPU
		{012A90D0-D1C7-4645-B105-70786750F187}.Release|iPhoneSimulator.Build.0 = Release|Any CPU
		{012A90D0-D1C7-4645-B105-70786750F187}.Release|x64.ActiveCfg = Release|Any CPU
		{012A90D0-D1C7-4645-B105-70786750F187}.Release|x64.Build.0 = Release|Any CPU
		{012A90D0-D1C7-4645-B105-70786750F187}.Release|x86.ActiveCfg = Release|Any CPU
		{012A90D0-D1C7-4645-B105-70786750F187}.Release|x86.Build.0 = Release|Any CPU
		{1B2CFFAA-E828-49BB-9F7D-AE921B46F036}.Ad-Hoc|Any CPU.ActiveCfg = Release|Any CPU
		{1B2CFFAA-E828-49BB-9F7D-AE921B46F036}.Ad-Hoc|Any CPU.Build.0 = Release|Any CPU
		{1B2CFFAA-E828-49BB-9F7D-AE921B46F036}.Ad-Hoc|ARM.ActiveCfg = Release|Any CPU
		{1B2CFFAA-E828-49BB-9F7D-AE921B46F036}.Ad-Hoc|ARM.Build.0 = Release|Any CPU
		{1B2CFFAA-E828-49BB-9F7D-AE921B46F036}.Ad-Hoc|iPhone.ActiveCfg = Release|Any CPU
		{1B2CFFAA-E828-49BB-9F7D-AE921B46F036}.Ad-Hoc|iPhone.Build.0 = Release|Any CPU
		{1B2CFFAA-E828-49BB-9F7D-AE921B46F036}.Ad-Hoc|iPhoneSimulator.ActiveCfg = Release|Any CPU
		{1B2CFFAA-E828-49BB-9F7D-AE921B46F036}.Ad-Hoc|iPhoneSimulator.Build.0 = Release|Any CPU
		{1B2CFFAA-E828-49BB-9F7D-AE921B46F036}.Ad-Hoc|x64.ActiveCfg = Release|Any CPU
		{1B2CFFAA-E828-49BB-9F7D-AE921B46F036}.Ad-Hoc|x64.Build.0 = Release|Any CPU
		{1B2CFFAA-E828-49BB-9F7D-AE921B46F036}.Ad-Hoc|x86.ActiveCfg = Release|Any CPU
		{1B2CFFAA-E828-49BB-9F7D-AE921B46F036}.Ad-Hoc|x86.Build.0 = Release|Any CPU
		{1B2CFFAA-E828-49BB-9F7D-AE921B46F036}.AppStore|Any CPU.ActiveCfg = Release|Any CPU
		{1B2CFFAA-E828-49BB-9F7D-AE921B46F036}.AppStore|Any CPU.Build.0 = Release|Any CPU
		{1B2CFFAA-E828-49BB-9F7D-AE921B46F036}.AppStore|ARM.ActiveCfg = Release|Any CPU
		{1B2CFFAA-E828-49BB-9F7D-AE921B46F036}.AppStore|ARM.Build.0 = Release|Any CPU
		{1B2CFFAA-E828-49BB-9F7D-AE921B46F036}.AppStore|iPhone.ActiveCfg = Release|Any CPU
		{1B2CFFAA-E828-49BB-9F7D-AE921B46F036}.AppStore|iPhone.Build.0 = Release|Any CPU
		{1B2CFFAA-E828-49BB-9F7D-AE921B46F036}.AppStore|iPhoneSimulator.ActiveCfg = Release|Any CPU
		{1B2CFFAA-E828-49BB-9F7D-AE921B46F036}.AppStore|iPhoneSimulator.Build.0 = Release|Any CPU
		{1B2CFFAA-E828-49BB-9F7D-AE921B46F036}.AppStore|x64.ActiveCfg = Release|Any CPU
		{1B2CFFAA-E828-49BB-9F7D-AE921B46F036}.AppStore|x64.Build.0 = Release|Any CPU
		{1B2CFFAA-E828-49BB-9F7D-AE921B46F036}.AppStore|x86.ActiveCfg = Release|Any CPU
		{1B2CFFAA-E828-49BB-9F7D-AE921B46F036}.AppStore|x86.Build.0 = Release|Any CPU
		{1B2CFFAA-E828-49BB-9F7D-AE921B46F036}.Debug|Any CPU.ActiveCfg = Debug|Any CPU
		{1B2CFFAA-E828-49BB-9F7D-AE921B46F036}.Debug|Any CPU.Build.0 = Debug|Any CPU
		{1B2CFFAA-E828-49BB-9F7D-AE921B46F036}.Debug|ARM.ActiveCfg = Debug|Any CPU
		{1B2CFFAA-E828-49BB-9F7D-AE921B46F036}.Debug|ARM.Build.0 = Debug|Any CPU
		{1B2CFFAA-E828-49BB-9F7D-AE921B46F036}.Debug|iPhone.ActiveCfg = Debug|Any CPU
		{1B2CFFAA-E828-49BB-9F7D-AE921B46F036}.Debug|iPhone.Build.0 = Debug|Any CPU
		{1B2CFFAA-E828-49BB-9F7D-AE921B46F036}.Debug|iPhoneSimulator.ActiveCfg = Debug|Any CPU
		{1B2CFFAA-E828-49BB-9F7D-AE921B46F036}.Debug|iPhoneSimulator.Build.0 = Debug|Any CPU
		{1B2CFFAA-E828-49BB-9F7D-AE921B46F036}.Debug|x64.ActiveCfg = Debug|Any CPU
		{1B2CFFAA-E828-49BB-9F7D-AE921B46F036}.Debug|x64.Build.0 = Debug|Any CPU
		{1B2CFFAA-E828-49BB-9F7D-AE921B46F036}.Debug|x86.ActiveCfg = Debug|Any CPU
		{1B2CFFAA-E828-49BB-9F7D-AE921B46F036}.Debug|x86.Build.0 = Debug|Any CPU
		{1B2CFFAA-E828-49BB-9F7D-AE921B46F036}.Release|Any CPU.ActiveCfg = Release|Any CPU
		{1B2CFFAA-E828-49BB-9F7D-AE921B46F036}.Release|Any CPU.Build.0 = Release|Any CPU
		{1B2CFFAA-E828-49BB-9F7D-AE921B46F036}.Release|ARM.ActiveCfg = Release|Any CPU
		{1B2CFFAA-E828-49BB-9F7D-AE921B46F036}.Release|ARM.Build.0 = Release|Any CPU
		{1B2CFFAA-E828-49BB-9F7D-AE921B46F036}.Release|iPhone.ActiveCfg = Release|Any CPU
		{1B2CFFAA-E828-49BB-9F7D-AE921B46F036}.Release|iPhone.Build.0 = Release|Any CPU
		{1B2CFFAA-E828-49BB-9F7D-AE921B46F036}.Release|iPhoneSimulator.ActiveCfg = Release|Any CPU
		{1B2CFFAA-E828-49BB-9F7D-AE921B46F036}.Release|iPhoneSimulator.Build.0 = Release|Any CPU
		{1B2CFFAA-E828-49BB-9F7D-AE921B46F036}.Release|x64.ActiveCfg = Release|Any CPU
		{1B2CFFAA-E828-49BB-9F7D-AE921B46F036}.Release|x64.Build.0 = Release|Any CPU
		{1B2CFFAA-E828-49BB-9F7D-AE921B46F036}.Release|x86.ActiveCfg = Release|Any CPU
		{1B2CFFAA-E828-49BB-9F7D-AE921B46F036}.Release|x86.Build.0 = Release|Any CPU
		{9893C409-5635-4556-8871-74C0EAE3F8BB}.Ad-Hoc|Any CPU.ActiveCfg = Release|Any CPU
		{9893C409-5635-4556-8871-74C0EAE3F8BB}.Ad-Hoc|Any CPU.Build.0 = Release|Any CPU
		{9893C409-5635-4556-8871-74C0EAE3F8BB}.Ad-Hoc|ARM.ActiveCfg = Release|Any CPU
		{9893C409-5635-4556-8871-74C0EAE3F8BB}.Ad-Hoc|ARM.Build.0 = Release|Any CPU
		{9893C409-5635-4556-8871-74C0EAE3F8BB}.Ad-Hoc|iPhone.ActiveCfg = Release|Any CPU
		{9893C409-5635-4556-8871-74C0EAE3F8BB}.Ad-Hoc|iPhone.Build.0 = Release|Any CPU
		{9893C409-5635-4556-8871-74C0EAE3F8BB}.Ad-Hoc|iPhoneSimulator.ActiveCfg = Release|Any CPU
		{9893C409-5635-4556-8871-74C0EAE3F8BB}.Ad-Hoc|iPhoneSimulator.Build.0 = Release|Any CPU
		{9893C409-5635-4556-8871-74C0EAE3F8BB}.Ad-Hoc|x64.ActiveCfg = Release|Any CPU
		{9893C409-5635-4556-8871-74C0EAE3F8BB}.Ad-Hoc|x64.Build.0 = Release|Any CPU
		{9893C409-5635-4556-8871-74C0EAE3F8BB}.Ad-Hoc|x86.ActiveCfg = Release|Any CPU
		{9893C409-5635-4556-8871-74C0EAE3F8BB}.Ad-Hoc|x86.Build.0 = Release|Any CPU
		{9893C409-5635-4556-8871-74C0EAE3F8BB}.AppStore|Any CPU.ActiveCfg = Release|Any CPU
		{9893C409-5635-4556-8871-74C0EAE3F8BB}.AppStore|Any CPU.Build.0 = Release|Any CPU
		{9893C409-5635-4556-8871-74C0EAE3F8BB}.AppStore|ARM.ActiveCfg = Release|Any CPU
		{9893C409-5635-4556-8871-74C0EAE3F8BB}.AppStore|ARM.Build.0 = Release|Any CPU
		{9893C409-5635-4556-8871-74C0EAE3F8BB}.AppStore|iPhone.ActiveCfg = Release|Any CPU
		{9893C409-5635-4556-8871-74C0EAE3F8BB}.AppStore|iPhone.Build.0 = Release|Any CPU
		{9893C409-5635-4556-8871-74C0EAE3F8BB}.AppStore|iPhoneSimulator.ActiveCfg = Release|Any CPU
		{9893C409-5635-4556-8871-74C0EAE3F8BB}.AppStore|iPhoneSimulator.Build.0 = Release|Any CPU
		{9893C409-5635-4556-8871-74C0EAE3F8BB}.AppStore|x64.ActiveCfg = Release|Any CPU
		{9893C409-5635-4556-8871-74C0EAE3F8BB}.AppStore|x64.Build.0 = Release|Any CPU
		{9893C409-5635-4556-8871-74C0EAE3F8BB}.AppStore|x86.ActiveCfg = Release|Any CPU
		{9893C409-5635-4556-8871-74C0EAE3F8BB}.AppStore|x86.Build.0 = Release|Any CPU
		{9893C409-5635-4556-8871-74C0EAE3F8BB}.Debug|Any CPU.ActiveCfg = Debug|Any CPU
		{9893C409-5635-4556-8871-74C0EAE3F8BB}.Debug|Any CPU.Build.0 = Debug|Any CPU
		{9893C409-5635-4556-8871-74C0EAE3F8BB}.Debug|ARM.ActiveCfg = Debug|Any CPU
		{9893C409-5635-4556-8871-74C0EAE3F8BB}.Debug|ARM.Build.0 = Debug|Any CPU
		{9893C409-5635-4556-8871-74C0EAE3F8BB}.Debug|iPhone.ActiveCfg = Debug|Any CPU
		{9893C409-5635-4556-8871-74C0EAE3F8BB}.Debug|iPhone.Build.0 = Debug|Any CPU
		{9893C409-5635-4556-8871-74C0EAE3F8BB}.Debug|iPhoneSimulator.ActiveCfg = Debug|Any CPU
		{9893C409-5635-4556-8871-74C0EAE3F8BB}.Debug|iPhoneSimulator.Build.0 = Debug|Any CPU
		{9893C409-5635-4556-8871-74C0EAE3F8BB}.Debug|x64.ActiveCfg = Debug|Any CPU
		{9893C409-5635-4556-8871-74C0EAE3F8BB}.Debug|x64.Build.0 = Debug|Any CPU
		{9893C409-5635-4556-8871-74C0EAE3F8BB}.Debug|x86.ActiveCfg = Debug|Any CPU
		{9893C409-5635-4556-8871-74C0EAE3F8BB}.Debug|x86.Build.0 = Debug|Any CPU
		{9893C409-5635-4556-8871-74C0EAE3F8BB}.Release|Any CPU.ActiveCfg = Release|Any CPU
		{9893C409-5635-4556-8871-74C0EAE3F8BB}.Release|Any CPU.Build.0 = Release|Any CPU
		{9893C409-5635-4556-8871-74C0EAE3F8BB}.Release|ARM.ActiveCfg = Release|Any CPU
		{9893C409-5635-4556-8871-74C0EAE3F8BB}.Release|ARM.Build.0 = Release|Any CPU
		{9893C409-5635-4556-8871-74C0EAE3F8BB}.Release|iPhone.ActiveCfg = Release|Any CPU
		{9893C409-5635-4556-8871-74C0EAE3F8BB}.Release|iPhone.Build.0 = Release|Any CPU
		{9893C409-5635-4556-8871-74C0EAE3F8BB}.Release|iPhoneSimulator.ActiveCfg = Release|Any CPU
		{9893C409-5635-4556-8871-74C0EAE3F8BB}.Release|iPhoneSimulator.Build.0 = Release|Any CPU
		{9893C409-5635-4556-8871-74C0EAE3F8BB}.Release|x64.ActiveCfg = Release|Any CPU
		{9893C409-5635-4556-8871-74C0EAE3F8BB}.Release|x64.Build.0 = Release|Any CPU
		{9893C409-5635-4556-8871-74C0EAE3F8BB}.Release|x86.ActiveCfg = Release|Any CPU
		{9893C409-5635-4556-8871-74C0EAE3F8BB}.Release|x86.Build.0 = Release|Any CPU
		{BA0BA220-3DA8-4300-B4A6-33F60FDA4CC0}.Ad-Hoc|Any CPU.ActiveCfg = Release|Any CPU
		{BA0BA220-3DA8-4300-B4A6-33F60FDA4CC0}.Ad-Hoc|Any CPU.Build.0 = Release|Any CPU
		{BA0BA220-3DA8-4300-B4A6-33F60FDA4CC0}.Ad-Hoc|ARM.ActiveCfg = Release|Any CPU
		{BA0BA220-3DA8-4300-B4A6-33F60FDA4CC0}.Ad-Hoc|ARM.Build.0 = Release|Any CPU
		{BA0BA220-3DA8-4300-B4A6-33F60FDA4CC0}.Ad-Hoc|iPhone.ActiveCfg = Release|Any CPU
		{BA0BA220-3DA8-4300-B4A6-33F60FDA4CC0}.Ad-Hoc|iPhone.Build.0 = Release|Any CPU
		{BA0BA220-3DA8-4300-B4A6-33F60FDA4CC0}.Ad-Hoc|iPhoneSimulator.ActiveCfg = Release|Any CPU
		{BA0BA220-3DA8-4300-B4A6-33F60FDA4CC0}.Ad-Hoc|iPhoneSimulator.Build.0 = Release|Any CPU
		{BA0BA220-3DA8-4300-B4A6-33F60FDA4CC0}.Ad-Hoc|x64.ActiveCfg = Release|Any CPU
		{BA0BA220-3DA8-4300-B4A6-33F60FDA4CC0}.Ad-Hoc|x64.Build.0 = Release|Any CPU
		{BA0BA220-3DA8-4300-B4A6-33F60FDA4CC0}.Ad-Hoc|x86.ActiveCfg = Release|Any CPU
		{BA0BA220-3DA8-4300-B4A6-33F60FDA4CC0}.Ad-Hoc|x86.Build.0 = Release|Any CPU
		{BA0BA220-3DA8-4300-B4A6-33F60FDA4CC0}.AppStore|Any CPU.ActiveCfg = Release|Any CPU
		{BA0BA220-3DA8-4300-B4A6-33F60FDA4CC0}.AppStore|Any CPU.Build.0 = Release|Any CPU
		{BA0BA220-3DA8-4300-B4A6-33F60FDA4CC0}.AppStore|ARM.ActiveCfg = Release|Any CPU
		{BA0BA220-3DA8-4300-B4A6-33F60FDA4CC0}.AppStore|ARM.Build.0 = Release|Any CPU
		{BA0BA220-3DA8-4300-B4A6-33F60FDA4CC0}.AppStore|iPhone.ActiveCfg = Release|Any CPU
		{BA0BA220-3DA8-4300-B4A6-33F60FDA4CC0}.AppStore|iPhone.Build.0 = Release|Any CPU
		{BA0BA220-3DA8-4300-B4A6-33F60FDA4CC0}.AppStore|iPhoneSimulator.ActiveCfg = Release|Any CPU
		{BA0BA220-3DA8-4300-B4A6-33F60FDA4CC0}.AppStore|iPhoneSimulator.Build.0 = Release|Any CPU
		{BA0BA220-3DA8-4300-B4A6-33F60FDA4CC0}.AppStore|x64.ActiveCfg = Release|Any CPU
		{BA0BA220-3DA8-4300-B4A6-33F60FDA4CC0}.AppStore|x64.Build.0 = Release|Any CPU
		{BA0BA220-3DA8-4300-B4A6-33F60FDA4CC0}.AppStore|x86.ActiveCfg = Release|Any CPU
		{BA0BA220-3DA8-4300-B4A6-33F60FDA4CC0}.AppStore|x86.Build.0 = Release|Any CPU
		{BA0BA220-3DA8-4300-B4A6-33F60FDA4CC0}.Debug|Any CPU.ActiveCfg = Debug|Any CPU
		{BA0BA220-3DA8-4300-B4A6-33F60FDA4CC0}.Debug|Any CPU.Build.0 = Debug|Any CPU
		{BA0BA220-3DA8-4300-B4A6-33F60FDA4CC0}.Debug|ARM.ActiveCfg = Debug|Any CPU
		{BA0BA220-3DA8-4300-B4A6-33F60FDA4CC0}.Debug|ARM.Build.0 = Debug|Any CPU
		{BA0BA220-3DA8-4300-B4A6-33F60FDA4CC0}.Debug|iPhone.ActiveCfg = Debug|Any CPU
		{BA0BA220-3DA8-4300-B4A6-33F60FDA4CC0}.Debug|iPhone.Build.0 = Debug|Any CPU
		{BA0BA220-3DA8-4300-B4A6-33F60FDA4CC0}.Debug|iPhoneSimulator.ActiveCfg = Debug|Any CPU
		{BA0BA220-3DA8-4300-B4A6-33F60FDA4CC0}.Debug|iPhoneSimulator.Build.0 = Debug|Any CPU
		{BA0BA220-3DA8-4300-B4A6-33F60FDA4CC0}.Debug|x64.ActiveCfg = Debug|Any CPU
		{BA0BA220-3DA8-4300-B4A6-33F60FDA4CC0}.Debug|x64.Build.0 = Debug|Any CPU
		{BA0BA220-3DA8-4300-B4A6-33F60FDA4CC0}.Debug|x86.ActiveCfg = Debug|Any CPU
		{BA0BA220-3DA8-4300-B4A6-33F60FDA4CC0}.Debug|x86.Build.0 = Debug|Any CPU
		{BA0BA220-3DA8-4300-B4A6-33F60FDA4CC0}.Release|Any CPU.ActiveCfg = Release|Any CPU
		{BA0BA220-3DA8-4300-B4A6-33F60FDA4CC0}.Release|Any CPU.Build.0 = Release|Any CPU
		{BA0BA220-3DA8-4300-B4A6-33F60FDA4CC0}.Release|ARM.ActiveCfg = Release|Any CPU
		{BA0BA220-3DA8-4300-B4A6-33F60FDA4CC0}.Release|ARM.Build.0 = Release|Any CPU
		{BA0BA220-3DA8-4300-B4A6-33F60FDA4CC0}.Release|iPhone.ActiveCfg = Release|Any CPU
		{BA0BA220-3DA8-4300-B4A6-33F60FDA4CC0}.Release|iPhone.Build.0 = Release|Any CPU
		{BA0BA220-3DA8-4300-B4A6-33F60FDA4CC0}.Release|iPhoneSimulator.ActiveCfg = Release|Any CPU
		{BA0BA220-3DA8-4300-B4A6-33F60FDA4CC0}.Release|iPhoneSimulator.Build.0 = Release|Any CPU
		{BA0BA220-3DA8-4300-B4A6-33F60FDA4CC0}.Release|x64.ActiveCfg = Release|Any CPU
		{BA0BA220-3DA8-4300-B4A6-33F60FDA4CC0}.Release|x64.Build.0 = Release|Any CPU
		{BA0BA220-3DA8-4300-B4A6-33F60FDA4CC0}.Release|x86.ActiveCfg = Release|Any CPU
		{BA0BA220-3DA8-4300-B4A6-33F60FDA4CC0}.Release|x86.Build.0 = Release|Any CPU
		{D923631C-B15F-4996-8EB7-DAC33A907676}.Ad-Hoc|Any CPU.ActiveCfg = Debug|Any CPU
		{D923631C-B15F-4996-8EB7-DAC33A907676}.Ad-Hoc|Any CPU.Build.0 = Debug|Any CPU
		{D923631C-B15F-4996-8EB7-DAC33A907676}.Ad-Hoc|ARM.ActiveCfg = Debug|Any CPU
		{D923631C-B15F-4996-8EB7-DAC33A907676}.Ad-Hoc|ARM.Build.0 = Debug|Any CPU
		{D923631C-B15F-4996-8EB7-DAC33A907676}.Ad-Hoc|iPhone.ActiveCfg = Debug|Any CPU
		{D923631C-B15F-4996-8EB7-DAC33A907676}.Ad-Hoc|iPhone.Build.0 = Debug|Any CPU
		{D923631C-B15F-4996-8EB7-DAC33A907676}.Ad-Hoc|iPhoneSimulator.ActiveCfg = Debug|Any CPU
		{D923631C-B15F-4996-8EB7-DAC33A907676}.Ad-Hoc|iPhoneSimulator.Build.0 = Debug|Any CPU
		{D923631C-B15F-4996-8EB7-DAC33A907676}.Ad-Hoc|x64.ActiveCfg = Debug|Any CPU
		{D923631C-B15F-4996-8EB7-DAC33A907676}.Ad-Hoc|x64.Build.0 = Debug|Any CPU
		{D923631C-B15F-4996-8EB7-DAC33A907676}.Ad-Hoc|x86.ActiveCfg = Debug|Any CPU
		{D923631C-B15F-4996-8EB7-DAC33A907676}.Ad-Hoc|x86.Build.0 = Debug|Any CPU
		{D923631C-B15F-4996-8EB7-DAC33A907676}.AppStore|Any CPU.ActiveCfg = Debug|Any CPU
		{D923631C-B15F-4996-8EB7-DAC33A907676}.AppStore|Any CPU.Build.0 = Debug|Any CPU
		{D923631C-B15F-4996-8EB7-DAC33A907676}.AppStore|ARM.ActiveCfg = Debug|Any CPU
		{D923631C-B15F-4996-8EB7-DAC33A907676}.AppStore|ARM.Build.0 = Debug|Any CPU
		{D923631C-B15F-4996-8EB7-DAC33A907676}.AppStore|iPhone.ActiveCfg = Debug|Any CPU
		{D923631C-B15F-4996-8EB7-DAC33A907676}.AppStore|iPhone.Build.0 = Debug|Any CPU
		{D923631C-B15F-4996-8EB7-DAC33A907676}.AppStore|iPhoneSimulator.ActiveCfg = Debug|Any CPU
		{D923631C-B15F-4996-8EB7-DAC33A907676}.AppStore|iPhoneSimulator.Build.0 = Debug|Any CPU
		{D923631C-B15F-4996-8EB7-DAC33A907676}.AppStore|x64.ActiveCfg = Debug|Any CPU
		{D923631C-B15F-4996-8EB7-DAC33A907676}.AppStore|x64.Build.0 = Debug|Any CPU
		{D923631C-B15F-4996-8EB7-DAC33A907676}.AppStore|x86.ActiveCfg = Debug|Any CPU
		{D923631C-B15F-4996-8EB7-DAC33A907676}.AppStore|x86.Build.0 = Debug|Any CPU
		{D923631C-B15F-4996-8EB7-DAC33A907676}.Debug|Any CPU.ActiveCfg = Debug|Any CPU
		{D923631C-B15F-4996-8EB7-DAC33A907676}.Debug|Any CPU.Build.0 = Debug|Any CPU
		{D923631C-B15F-4996-8EB7-DAC33A907676}.Debug|ARM.ActiveCfg = Debug|Any CPU
		{D923631C-B15F-4996-8EB7-DAC33A907676}.Debug|ARM.Build.0 = Debug|Any CPU
		{D923631C-B15F-4996-8EB7-DAC33A907676}.Debug|iPhone.ActiveCfg = Debug|Any CPU
		{D923631C-B15F-4996-8EB7-DAC33A907676}.Debug|iPhone.Build.0 = Debug|Any CPU
		{D923631C-B15F-4996-8EB7-DAC33A907676}.Debug|iPhoneSimulator.ActiveCfg = Debug|Any CPU
		{D923631C-B15F-4996-8EB7-DAC33A907676}.Debug|iPhoneSimulator.Build.0 = Debug|Any CPU
		{D923631C-B15F-4996-8EB7-DAC33A907676}.Debug|x64.ActiveCfg = Debug|Any CPU
		{D923631C-B15F-4996-8EB7-DAC33A907676}.Debug|x64.Build.0 = Debug|Any CPU
		{D923631C-B15F-4996-8EB7-DAC33A907676}.Debug|x86.ActiveCfg = Debug|Any CPU
		{D923631C-B15F-4996-8EB7-DAC33A907676}.Debug|x86.Build.0 = Debug|Any CPU
		{D923631C-B15F-4996-8EB7-DAC33A907676}.Release|Any CPU.ActiveCfg = Release|Any CPU
		{D923631C-B15F-4996-8EB7-DAC33A907676}.Release|Any CPU.Build.0 = Release|Any CPU
		{D923631C-B15F-4996-8EB7-DAC33A907676}.Release|ARM.ActiveCfg = Release|Any CPU
		{D923631C-B15F-4996-8EB7-DAC33A907676}.Release|ARM.Build.0 = Release|Any CPU
		{D923631C-B15F-4996-8EB7-DAC33A907676}.Release|iPhone.ActiveCfg = Release|Any CPU
		{D923631C-B15F-4996-8EB7-DAC33A907676}.Release|iPhone.Build.0 = Release|Any CPU
		{D923631C-B15F-4996-8EB7-DAC33A907676}.Release|iPhoneSimulator.ActiveCfg = Release|Any CPU
		{D923631C-B15F-4996-8EB7-DAC33A907676}.Release|iPhoneSimulator.Build.0 = Release|Any CPU
		{D923631C-B15F-4996-8EB7-DAC33A907676}.Release|x64.ActiveCfg = Release|Any CPU
		{D923631C-B15F-4996-8EB7-DAC33A907676}.Release|x64.Build.0 = Release|Any CPU
		{D923631C-B15F-4996-8EB7-DAC33A907676}.Release|x86.ActiveCfg = Release|Any CPU
		{D923631C-B15F-4996-8EB7-DAC33A907676}.Release|x86.Build.0 = Release|Any CPU
		{8828D182-C71D-4BBB-95C8-B3CB909B6CEC}.Ad-Hoc|Any CPU.ActiveCfg = Release|Any CPU
		{8828D182-C71D-4BBB-95C8-B3CB909B6CEC}.Ad-Hoc|Any CPU.Build.0 = Release|Any CPU
		{8828D182-C71D-4BBB-95C8-B3CB909B6CEC}.Ad-Hoc|Any CPU.Deploy.0 = Release|Any CPU
		{8828D182-C71D-4BBB-95C8-B3CB909B6CEC}.Ad-Hoc|ARM.ActiveCfg = Release|Any CPU
		{8828D182-C71D-4BBB-95C8-B3CB909B6CEC}.Ad-Hoc|ARM.Build.0 = Release|Any CPU
		{8828D182-C71D-4BBB-95C8-B3CB909B6CEC}.Ad-Hoc|ARM.Deploy.0 = Release|Any CPU
		{8828D182-C71D-4BBB-95C8-B3CB909B6CEC}.Ad-Hoc|iPhone.ActiveCfg = Release|Any CPU
		{8828D182-C71D-4BBB-95C8-B3CB909B6CEC}.Ad-Hoc|iPhone.Build.0 = Release|Any CPU
		{8828D182-C71D-4BBB-95C8-B3CB909B6CEC}.Ad-Hoc|iPhone.Deploy.0 = Release|Any CPU
		{8828D182-C71D-4BBB-95C8-B3CB909B6CEC}.Ad-Hoc|iPhoneSimulator.ActiveCfg = Release|Any CPU
		{8828D182-C71D-4BBB-95C8-B3CB909B6CEC}.Ad-Hoc|iPhoneSimulator.Build.0 = Release|Any CPU
		{8828D182-C71D-4BBB-95C8-B3CB909B6CEC}.Ad-Hoc|iPhoneSimulator.Deploy.0 = Release|Any CPU
		{8828D182-C71D-4BBB-95C8-B3CB909B6CEC}.Ad-Hoc|x64.ActiveCfg = Release|Any CPU
		{8828D182-C71D-4BBB-95C8-B3CB909B6CEC}.Ad-Hoc|x64.Build.0 = Release|Any CPU
		{8828D182-C71D-4BBB-95C8-B3CB909B6CEC}.Ad-Hoc|x64.Deploy.0 = Release|Any CPU
		{8828D182-C71D-4BBB-95C8-B3CB909B6CEC}.Ad-Hoc|x86.ActiveCfg = Release|Any CPU
		{8828D182-C71D-4BBB-95C8-B3CB909B6CEC}.Ad-Hoc|x86.Build.0 = Release|Any CPU
		{8828D182-C71D-4BBB-95C8-B3CB909B6CEC}.Ad-Hoc|x86.Deploy.0 = Release|Any CPU
		{8828D182-C71D-4BBB-95C8-B3CB909B6CEC}.AppStore|Any CPU.ActiveCfg = Release|Any CPU
		{8828D182-C71D-4BBB-95C8-B3CB909B6CEC}.AppStore|Any CPU.Build.0 = Release|Any CPU
		{8828D182-C71D-4BBB-95C8-B3CB909B6CEC}.AppStore|Any CPU.Deploy.0 = Release|Any CPU
		{8828D182-C71D-4BBB-95C8-B3CB909B6CEC}.AppStore|ARM.ActiveCfg = Release|Any CPU
		{8828D182-C71D-4BBB-95C8-B3CB909B6CEC}.AppStore|ARM.Build.0 = Release|Any CPU
		{8828D182-C71D-4BBB-95C8-B3CB909B6CEC}.AppStore|ARM.Deploy.0 = Release|Any CPU
		{8828D182-C71D-4BBB-95C8-B3CB909B6CEC}.AppStore|iPhone.ActiveCfg = Release|Any CPU
		{8828D182-C71D-4BBB-95C8-B3CB909B6CEC}.AppStore|iPhone.Build.0 = Release|Any CPU
		{8828D182-C71D-4BBB-95C8-B3CB909B6CEC}.AppStore|iPhone.Deploy.0 = Release|Any CPU
		{8828D182-C71D-4BBB-95C8-B3CB909B6CEC}.AppStore|iPhoneSimulator.ActiveCfg = Release|Any CPU
		{8828D182-C71D-4BBB-95C8-B3CB909B6CEC}.AppStore|iPhoneSimulator.Build.0 = Release|Any CPU
		{8828D182-C71D-4BBB-95C8-B3CB909B6CEC}.AppStore|iPhoneSimulator.Deploy.0 = Release|Any CPU
		{8828D182-C71D-4BBB-95C8-B3CB909B6CEC}.AppStore|x64.ActiveCfg = Release|Any CPU
		{8828D182-C71D-4BBB-95C8-B3CB909B6CEC}.AppStore|x64.Build.0 = Release|Any CPU
		{8828D182-C71D-4BBB-95C8-B3CB909B6CEC}.AppStore|x64.Deploy.0 = Release|Any CPU
		{8828D182-C71D-4BBB-95C8-B3CB909B6CEC}.AppStore|x86.ActiveCfg = Release|Any CPU
		{8828D182-C71D-4BBB-95C8-B3CB909B6CEC}.AppStore|x86.Build.0 = Release|Any CPU
		{8828D182-C71D-4BBB-95C8-B3CB909B6CEC}.AppStore|x86.Deploy.0 = Release|Any CPU
		{8828D182-C71D-4BBB-95C8-B3CB909B6CEC}.Debug|Any CPU.ActiveCfg = Debug|Any CPU
		{8828D182-C71D-4BBB-95C8-B3CB909B6CEC}.Debug|Any CPU.Build.0 = Debug|Any CPU
		{8828D182-C71D-4BBB-95C8-B3CB909B6CEC}.Debug|Any CPU.Deploy.0 = Debug|Any CPU
		{8828D182-C71D-4BBB-95C8-B3CB909B6CEC}.Debug|ARM.ActiveCfg = Debug|Any CPU
		{8828D182-C71D-4BBB-95C8-B3CB909B6CEC}.Debug|ARM.Build.0 = Debug|Any CPU
		{8828D182-C71D-4BBB-95C8-B3CB909B6CEC}.Debug|ARM.Deploy.0 = Debug|Any CPU
		{8828D182-C71D-4BBB-95C8-B3CB909B6CEC}.Debug|iPhone.ActiveCfg = Debug|Any CPU
		{8828D182-C71D-4BBB-95C8-B3CB909B6CEC}.Debug|iPhone.Build.0 = Debug|Any CPU
		{8828D182-C71D-4BBB-95C8-B3CB909B6CEC}.Debug|iPhone.Deploy.0 = Debug|Any CPU
		{8828D182-C71D-4BBB-95C8-B3CB909B6CEC}.Debug|iPhoneSimulator.ActiveCfg = Debug|Any CPU
		{8828D182-C71D-4BBB-95C8-B3CB909B6CEC}.Debug|iPhoneSimulator.Build.0 = Debug|Any CPU
		{8828D182-C71D-4BBB-95C8-B3CB909B6CEC}.Debug|iPhoneSimulator.Deploy.0 = Debug|Any CPU
		{8828D182-C71D-4BBB-95C8-B3CB909B6CEC}.Debug|x64.ActiveCfg = Debug|Any CPU
		{8828D182-C71D-4BBB-95C8-B3CB909B6CEC}.Debug|x64.Build.0 = Debug|Any CPU
		{8828D182-C71D-4BBB-95C8-B3CB909B6CEC}.Debug|x64.Deploy.0 = Debug|Any CPU
		{8828D182-C71D-4BBB-95C8-B3CB909B6CEC}.Debug|x86.ActiveCfg = Debug|Any CPU
		{8828D182-C71D-4BBB-95C8-B3CB909B6CEC}.Debug|x86.Build.0 = Debug|Any CPU
		{8828D182-C71D-4BBB-95C8-B3CB909B6CEC}.Debug|x86.Deploy.0 = Debug|Any CPU
		{8828D182-C71D-4BBB-95C8-B3CB909B6CEC}.Release|Any CPU.ActiveCfg = Release|Any CPU
		{8828D182-C71D-4BBB-95C8-B3CB909B6CEC}.Release|Any CPU.Build.0 = Release|Any CPU
		{8828D182-C71D-4BBB-95C8-B3CB909B6CEC}.Release|Any CPU.Deploy.0 = Release|Any CPU
		{8828D182-C71D-4BBB-95C8-B3CB909B6CEC}.Release|ARM.ActiveCfg = Release|Any CPU
		{8828D182-C71D-4BBB-95C8-B3CB909B6CEC}.Release|ARM.Build.0 = Release|Any CPU
		{8828D182-C71D-4BBB-95C8-B3CB909B6CEC}.Release|ARM.Deploy.0 = Release|Any CPU
		{8828D182-C71D-4BBB-95C8-B3CB909B6CEC}.Release|iPhone.ActiveCfg = Release|Any CPU
		{8828D182-C71D-4BBB-95C8-B3CB909B6CEC}.Release|iPhone.Build.0 = Release|Any CPU
		{8828D182-C71D-4BBB-95C8-B3CB909B6CEC}.Release|iPhone.Deploy.0 = Release|Any CPU
		{8828D182-C71D-4BBB-95C8-B3CB909B6CEC}.Release|iPhoneSimulator.ActiveCfg = Release|Any CPU
		{8828D182-C71D-4BBB-95C8-B3CB909B6CEC}.Release|iPhoneSimulator.Build.0 = Release|Any CPU
		{8828D182-C71D-4BBB-95C8-B3CB909B6CEC}.Release|iPhoneSimulator.Deploy.0 = Release|Any CPU
		{8828D182-C71D-4BBB-95C8-B3CB909B6CEC}.Release|x64.ActiveCfg = Release|Any CPU
		{8828D182-C71D-4BBB-95C8-B3CB909B6CEC}.Release|x64.Build.0 = Release|Any CPU
		{8828D182-C71D-4BBB-95C8-B3CB909B6CEC}.Release|x64.Deploy.0 = Release|Any CPU
		{8828D182-C71D-4BBB-95C8-B3CB909B6CEC}.Release|x86.ActiveCfg = Release|Any CPU
		{8828D182-C71D-4BBB-95C8-B3CB909B6CEC}.Release|x86.Build.0 = Release|Any CPU
		{8828D182-C71D-4BBB-95C8-B3CB909B6CEC}.Release|x86.Deploy.0 = Release|Any CPU
		{84AF40B0-0413-46FB-91CD-A22D2E74FB44}.Ad-Hoc|Any CPU.ActiveCfg = Ad-Hoc|iPhone
		{84AF40B0-0413-46FB-91CD-A22D2E74FB44}.Ad-Hoc|ARM.ActiveCfg = Ad-Hoc|iPhone
		{84AF40B0-0413-46FB-91CD-A22D2E74FB44}.Ad-Hoc|iPhone.ActiveCfg = Ad-Hoc|iPhone
		{84AF40B0-0413-46FB-91CD-A22D2E74FB44}.Ad-Hoc|iPhone.Build.0 = Ad-Hoc|iPhone
		{84AF40B0-0413-46FB-91CD-A22D2E74FB44}.Ad-Hoc|iPhoneSimulator.ActiveCfg = Ad-Hoc|iPhoneSimulator
		{84AF40B0-0413-46FB-91CD-A22D2E74FB44}.Ad-Hoc|iPhoneSimulator.Build.0 = Ad-Hoc|iPhoneSimulator
		{84AF40B0-0413-46FB-91CD-A22D2E74FB44}.Ad-Hoc|x64.ActiveCfg = Ad-Hoc|iPhone
		{84AF40B0-0413-46FB-91CD-A22D2E74FB44}.Ad-Hoc|x86.ActiveCfg = Ad-Hoc|iPhone
		{84AF40B0-0413-46FB-91CD-A22D2E74FB44}.AppStore|Any CPU.ActiveCfg = AppStore|iPhone
		{84AF40B0-0413-46FB-91CD-A22D2E74FB44}.AppStore|ARM.ActiveCfg = AppStore|iPhone
		{84AF40B0-0413-46FB-91CD-A22D2E74FB44}.AppStore|iPhone.ActiveCfg = AppStore|iPhone
		{84AF40B0-0413-46FB-91CD-A22D2E74FB44}.AppStore|iPhone.Build.0 = AppStore|iPhone
		{84AF40B0-0413-46FB-91CD-A22D2E74FB44}.AppStore|iPhoneSimulator.ActiveCfg = AppStore|iPhoneSimulator
		{84AF40B0-0413-46FB-91CD-A22D2E74FB44}.AppStore|iPhoneSimulator.Build.0 = AppStore|iPhoneSimulator
		{84AF40B0-0413-46FB-91CD-A22D2E74FB44}.AppStore|x64.ActiveCfg = AppStore|iPhone
		{84AF40B0-0413-46FB-91CD-A22D2E74FB44}.AppStore|x86.ActiveCfg = AppStore|iPhone
		{84AF40B0-0413-46FB-91CD-A22D2E74FB44}.Debug|Any CPU.ActiveCfg = Debug|iPhone
		{84AF40B0-0413-46FB-91CD-A22D2E74FB44}.Debug|ARM.ActiveCfg = Debug|iPhone
		{84AF40B0-0413-46FB-91CD-A22D2E74FB44}.Debug|iPhone.ActiveCfg = Debug|iPhone
		{84AF40B0-0413-46FB-91CD-A22D2E74FB44}.Debug|iPhone.Build.0 = Debug|iPhone
		{84AF40B0-0413-46FB-91CD-A22D2E74FB44}.Debug|iPhoneSimulator.ActiveCfg = Debug|iPhoneSimulator
		{84AF40B0-0413-46FB-91CD-A22D2E74FB44}.Debug|iPhoneSimulator.Build.0 = Debug|iPhoneSimulator
		{84AF40B0-0413-46FB-91CD-A22D2E74FB44}.Debug|x64.ActiveCfg = Debug|iPhone
		{84AF40B0-0413-46FB-91CD-A22D2E74FB44}.Debug|x86.ActiveCfg = Debug|iPhone
		{84AF40B0-0413-46FB-91CD-A22D2E74FB44}.Release|Any CPU.ActiveCfg = Release|iPhone
		{84AF40B0-0413-46FB-91CD-A22D2E74FB44}.Release|ARM.ActiveCfg = Release|iPhone
		{84AF40B0-0413-46FB-91CD-A22D2E74FB44}.Release|iPhone.ActiveCfg = Release|iPhone
		{84AF40B0-0413-46FB-91CD-A22D2E74FB44}.Release|iPhone.Build.0 = Release|iPhone
		{84AF40B0-0413-46FB-91CD-A22D2E74FB44}.Release|iPhoneSimulator.ActiveCfg = Release|iPhoneSimulator
		{84AF40B0-0413-46FB-91CD-A22D2E74FB44}.Release|iPhoneSimulator.Build.0 = Release|iPhoneSimulator
		{84AF40B0-0413-46FB-91CD-A22D2E74FB44}.Release|x64.ActiveCfg = Release|iPhone
		{84AF40B0-0413-46FB-91CD-A22D2E74FB44}.Release|x86.ActiveCfg = Release|iPhone
		{DFE1CEC6-E38B-47A4-A428-0CFF653ABE78}.Ad-Hoc|Any CPU.ActiveCfg = Release|x86
		{DFE1CEC6-E38B-47A4-A428-0CFF653ABE78}.Ad-Hoc|Any CPU.Build.0 = Release|x86
		{DFE1CEC6-E38B-47A4-A428-0CFF653ABE78}.Ad-Hoc|Any CPU.Deploy.0 = Release|x86
		{DFE1CEC6-E38B-47A4-A428-0CFF653ABE78}.Ad-Hoc|ARM.ActiveCfg = Release|ARM
		{DFE1CEC6-E38B-47A4-A428-0CFF653ABE78}.Ad-Hoc|ARM.Build.0 = Release|ARM
		{DFE1CEC6-E38B-47A4-A428-0CFF653ABE78}.Ad-Hoc|ARM.Deploy.0 = Release|ARM
		{DFE1CEC6-E38B-47A4-A428-0CFF653ABE78}.Ad-Hoc|iPhone.ActiveCfg = Release|x86
		{DFE1CEC6-E38B-47A4-A428-0CFF653ABE78}.Ad-Hoc|iPhone.Build.0 = Release|x86
		{DFE1CEC6-E38B-47A4-A428-0CFF653ABE78}.Ad-Hoc|iPhone.Deploy.0 = Release|x86
		{DFE1CEC6-E38B-47A4-A428-0CFF653ABE78}.Ad-Hoc|iPhoneSimulator.ActiveCfg = Release|x86
		{DFE1CEC6-E38B-47A4-A428-0CFF653ABE78}.Ad-Hoc|iPhoneSimulator.Build.0 = Release|x86
		{DFE1CEC6-E38B-47A4-A428-0CFF653ABE78}.Ad-Hoc|iPhoneSimulator.Deploy.0 = Release|x86
		{DFE1CEC6-E38B-47A4-A428-0CFF653ABE78}.Ad-Hoc|x64.ActiveCfg = Release|x64
		{DFE1CEC6-E38B-47A4-A428-0CFF653ABE78}.Ad-Hoc|x64.Build.0 = Release|x64
		{DFE1CEC6-E38B-47A4-A428-0CFF653ABE78}.Ad-Hoc|x64.Deploy.0 = Release|x64
		{DFE1CEC6-E38B-47A4-A428-0CFF653ABE78}.Ad-Hoc|x86.ActiveCfg = Release|x86
		{DFE1CEC6-E38B-47A4-A428-0CFF653ABE78}.Ad-Hoc|x86.Build.0 = Release|x86
		{DFE1CEC6-E38B-47A4-A428-0CFF653ABE78}.Ad-Hoc|x86.Deploy.0 = Release|x86
		{DFE1CEC6-E38B-47A4-A428-0CFF653ABE78}.AppStore|Any CPU.ActiveCfg = Release|x86
		{DFE1CEC6-E38B-47A4-A428-0CFF653ABE78}.AppStore|Any CPU.Build.0 = Release|x86
		{DFE1CEC6-E38B-47A4-A428-0CFF653ABE78}.AppStore|Any CPU.Deploy.0 = Release|x86
		{DFE1CEC6-E38B-47A4-A428-0CFF653ABE78}.AppStore|ARM.ActiveCfg = Release|ARM
		{DFE1CEC6-E38B-47A4-A428-0CFF653ABE78}.AppStore|ARM.Build.0 = Release|ARM
		{DFE1CEC6-E38B-47A4-A428-0CFF653ABE78}.AppStore|ARM.Deploy.0 = Release|ARM
		{DFE1CEC6-E38B-47A4-A428-0CFF653ABE78}.AppStore|iPhone.ActiveCfg = Release|x86
		{DFE1CEC6-E38B-47A4-A428-0CFF653ABE78}.AppStore|iPhone.Build.0 = Release|x86
		{DFE1CEC6-E38B-47A4-A428-0CFF653ABE78}.AppStore|iPhone.Deploy.0 = Release|x86
		{DFE1CEC6-E38B-47A4-A428-0CFF653ABE78}.AppStore|iPhoneSimulator.ActiveCfg = Release|x86
		{DFE1CEC6-E38B-47A4-A428-0CFF653ABE78}.AppStore|iPhoneSimulator.Build.0 = Release|x86
		{DFE1CEC6-E38B-47A4-A428-0CFF653ABE78}.AppStore|iPhoneSimulator.Deploy.0 = Release|x86
		{DFE1CEC6-E38B-47A4-A428-0CFF653ABE78}.AppStore|x64.ActiveCfg = Release|x64
		{DFE1CEC6-E38B-47A4-A428-0CFF653ABE78}.AppStore|x64.Build.0 = Release|x64
		{DFE1CEC6-E38B-47A4-A428-0CFF653ABE78}.AppStore|x64.Deploy.0 = Release|x64
		{DFE1CEC6-E38B-47A4-A428-0CFF653ABE78}.AppStore|x86.ActiveCfg = Release|x86
		{DFE1CEC6-E38B-47A4-A428-0CFF653ABE78}.AppStore|x86.Build.0 = Release|x86
		{DFE1CEC6-E38B-47A4-A428-0CFF653ABE78}.AppStore|x86.Deploy.0 = Release|x86
		{DFE1CEC6-E38B-47A4-A428-0CFF653ABE78}.Debug|Any CPU.ActiveCfg = Debug|x86
		{DFE1CEC6-E38B-47A4-A428-0CFF653ABE78}.Debug|ARM.ActiveCfg = Debug|ARM
		{DFE1CEC6-E38B-47A4-A428-0CFF653ABE78}.Debug|ARM.Build.0 = Debug|ARM
		{DFE1CEC6-E38B-47A4-A428-0CFF653ABE78}.Debug|ARM.Deploy.0 = Debug|ARM
		{DFE1CEC6-E38B-47A4-A428-0CFF653ABE78}.Debug|iPhone.ActiveCfg = Debug|x86
		{DFE1CEC6-E38B-47A4-A428-0CFF653ABE78}.Debug|iPhoneSimulator.ActiveCfg = Debug|x86
		{DFE1CEC6-E38B-47A4-A428-0CFF653ABE78}.Debug|x64.ActiveCfg = Debug|x64
		{DFE1CEC6-E38B-47A4-A428-0CFF653ABE78}.Debug|x64.Build.0 = Debug|x64
		{DFE1CEC6-E38B-47A4-A428-0CFF653ABE78}.Debug|x64.Deploy.0 = Debug|x64
		{DFE1CEC6-E38B-47A4-A428-0CFF653ABE78}.Debug|x86.ActiveCfg = Debug|x86
		{DFE1CEC6-E38B-47A4-A428-0CFF653ABE78}.Debug|x86.Build.0 = Debug|x86
		{DFE1CEC6-E38B-47A4-A428-0CFF653ABE78}.Debug|x86.Deploy.0 = Debug|x86
		{DFE1CEC6-E38B-47A4-A428-0CFF653ABE78}.Release|Any CPU.ActiveCfg = Release|x86
		{DFE1CEC6-E38B-47A4-A428-0CFF653ABE78}.Release|ARM.ActiveCfg = Release|ARM
		{DFE1CEC6-E38B-47A4-A428-0CFF653ABE78}.Release|ARM.Build.0 = Release|ARM
		{DFE1CEC6-E38B-47A4-A428-0CFF653ABE78}.Release|ARM.Deploy.0 = Release|ARM
		{DFE1CEC6-E38B-47A4-A428-0CFF653ABE78}.Release|iPhone.ActiveCfg = Release|x86
		{DFE1CEC6-E38B-47A4-A428-0CFF653ABE78}.Release|iPhoneSimulator.ActiveCfg = Release|x86
		{DFE1CEC6-E38B-47A4-A428-0CFF653ABE78}.Release|x64.ActiveCfg = Release|x64
		{DFE1CEC6-E38B-47A4-A428-0CFF653ABE78}.Release|x64.Build.0 = Release|x64
		{DFE1CEC6-E38B-47A4-A428-0CFF653ABE78}.Release|x64.Deploy.0 = Release|x64
		{DFE1CEC6-E38B-47A4-A428-0CFF653ABE78}.Release|x86.ActiveCfg = Release|x86
		{DFE1CEC6-E38B-47A4-A428-0CFF653ABE78}.Release|x86.Build.0 = Release|x86
		{DFE1CEC6-E38B-47A4-A428-0CFF653ABE78}.Release|x86.Deploy.0 = Release|x86
		{1449D9B1-BF39-45EF-A3CC-5FE8D5DC8180}.Ad-Hoc|Any CPU.ActiveCfg = Debug|Any CPU
		{1449D9B1-BF39-45EF-A3CC-5FE8D5DC8180}.Ad-Hoc|Any CPU.Build.0 = Debug|Any CPU
		{1449D9B1-BF39-45EF-A3CC-5FE8D5DC8180}.Ad-Hoc|ARM.ActiveCfg = Debug|Any CPU
		{1449D9B1-BF39-45EF-A3CC-5FE8D5DC8180}.Ad-Hoc|ARM.Build.0 = Debug|Any CPU
		{1449D9B1-BF39-45EF-A3CC-5FE8D5DC8180}.Ad-Hoc|iPhone.ActiveCfg = Debug|Any CPU
		{1449D9B1-BF39-45EF-A3CC-5FE8D5DC8180}.Ad-Hoc|iPhone.Build.0 = Debug|Any CPU
		{1449D9B1-BF39-45EF-A3CC-5FE8D5DC8180}.Ad-Hoc|iPhoneSimulator.ActiveCfg = Debug|Any CPU
		{1449D9B1-BF39-45EF-A3CC-5FE8D5DC8180}.Ad-Hoc|iPhoneSimulator.Build.0 = Debug|Any CPU
		{1449D9B1-BF39-45EF-A3CC-5FE8D5DC8180}.Ad-Hoc|x64.ActiveCfg = Debug|Any CPU
		{1449D9B1-BF39-45EF-A3CC-5FE8D5DC8180}.Ad-Hoc|x64.Build.0 = Debug|Any CPU
		{1449D9B1-BF39-45EF-A3CC-5FE8D5DC8180}.Ad-Hoc|x86.ActiveCfg = Debug|Any CPU
		{1449D9B1-BF39-45EF-A3CC-5FE8D5DC8180}.Ad-Hoc|x86.Build.0 = Debug|Any CPU
		{1449D9B1-BF39-45EF-A3CC-5FE8D5DC8180}.AppStore|Any CPU.ActiveCfg = Debug|Any CPU
		{1449D9B1-BF39-45EF-A3CC-5FE8D5DC8180}.AppStore|Any CPU.Build.0 = Debug|Any CPU
		{1449D9B1-BF39-45EF-A3CC-5FE8D5DC8180}.AppStore|ARM.ActiveCfg = Debug|Any CPU
		{1449D9B1-BF39-45EF-A3CC-5FE8D5DC8180}.AppStore|ARM.Build.0 = Debug|Any CPU
		{1449D9B1-BF39-45EF-A3CC-5FE8D5DC8180}.AppStore|iPhone.ActiveCfg = Debug|Any CPU
		{1449D9B1-BF39-45EF-A3CC-5FE8D5DC8180}.AppStore|iPhone.Build.0 = Debug|Any CPU
		{1449D9B1-BF39-45EF-A3CC-5FE8D5DC8180}.AppStore|iPhoneSimulator.ActiveCfg = Debug|Any CPU
		{1449D9B1-BF39-45EF-A3CC-5FE8D5DC8180}.AppStore|iPhoneSimulator.Build.0 = Debug|Any CPU
		{1449D9B1-BF39-45EF-A3CC-5FE8D5DC8180}.AppStore|x64.ActiveCfg = Debug|Any CPU
		{1449D9B1-BF39-45EF-A3CC-5FE8D5DC8180}.AppStore|x64.Build.0 = Debug|Any CPU
		{1449D9B1-BF39-45EF-A3CC-5FE8D5DC8180}.AppStore|x86.ActiveCfg = Debug|Any CPU
		{1449D9B1-BF39-45EF-A3CC-5FE8D5DC8180}.AppStore|x86.Build.0 = Debug|Any CPU
		{1449D9B1-BF39-45EF-A3CC-5FE8D5DC8180}.Debug|Any CPU.ActiveCfg = Debug|Any CPU
		{1449D9B1-BF39-45EF-A3CC-5FE8D5DC8180}.Debug|Any CPU.Build.0 = Debug|Any CPU
		{1449D9B1-BF39-45EF-A3CC-5FE8D5DC8180}.Debug|ARM.ActiveCfg = Debug|Any CPU
		{1449D9B1-BF39-45EF-A3CC-5FE8D5DC8180}.Debug|ARM.Build.0 = Debug|Any CPU
		{1449D9B1-BF39-45EF-A3CC-5FE8D5DC8180}.Debug|iPhone.ActiveCfg = Debug|Any CPU
		{1449D9B1-BF39-45EF-A3CC-5FE8D5DC8180}.Debug|iPhone.Build.0 = Debug|Any CPU
		{1449D9B1-BF39-45EF-A3CC-5FE8D5DC8180}.Debug|iPhoneSimulator.ActiveCfg = Debug|Any CPU
		{1449D9B1-BF39-45EF-A3CC-5FE8D5DC8180}.Debug|iPhoneSimulator.Build.0 = Debug|Any CPU
		{1449D9B1-BF39-45EF-A3CC-5FE8D5DC8180}.Debug|x64.ActiveCfg = Debug|Any CPU
		{1449D9B1-BF39-45EF-A3CC-5FE8D5DC8180}.Debug|x64.Build.0 = Debug|Any CPU
		{1449D9B1-BF39-45EF-A3CC-5FE8D5DC8180}.Debug|x86.ActiveCfg = Debug|Any CPU
		{1449D9B1-BF39-45EF-A3CC-5FE8D5DC8180}.Debug|x86.Build.0 = Debug|Any CPU
		{1449D9B1-BF39-45EF-A3CC-5FE8D5DC8180}.Release|Any CPU.ActiveCfg = Release|Any CPU
		{1449D9B1-BF39-45EF-A3CC-5FE8D5DC8180}.Release|Any CPU.Build.0 = Release|Any CPU
		{1449D9B1-BF39-45EF-A3CC-5FE8D5DC8180}.Release|ARM.ActiveCfg = Release|Any CPU
		{1449D9B1-BF39-45EF-A3CC-5FE8D5DC8180}.Release|ARM.Build.0 = Release|Any CPU
		{1449D9B1-BF39-45EF-A3CC-5FE8D5DC8180}.Release|iPhone.ActiveCfg = Release|Any CPU
		{1449D9B1-BF39-45EF-A3CC-5FE8D5DC8180}.Release|iPhone.Build.0 = Release|Any CPU
		{1449D9B1-BF39-45EF-A3CC-5FE8D5DC8180}.Release|iPhoneSimulator.ActiveCfg = Release|Any CPU
		{1449D9B1-BF39-45EF-A3CC-5FE8D5DC8180}.Release|iPhoneSimulator.Build.0 = Release|Any CPU
		{1449D9B1-BF39-45EF-A3CC-5FE8D5DC8180}.Release|x64.ActiveCfg = Release|Any CPU
		{1449D9B1-BF39-45EF-A3CC-5FE8D5DC8180}.Release|x64.Build.0 = Release|Any CPU
		{1449D9B1-BF39-45EF-A3CC-5FE8D5DC8180}.Release|x86.ActiveCfg = Release|Any CPU
		{1449D9B1-BF39-45EF-A3CC-5FE8D5DC8180}.Release|x86.Build.0 = Release|Any CPU
		{751EDF03-D073-45C7-AC67-566F283DFCC7}.Ad-Hoc|Any CPU.ActiveCfg = Release|Any CPU
		{751EDF03-D073-45C7-AC67-566F283DFCC7}.Ad-Hoc|Any CPU.Build.0 = Release|Any CPU
		{751EDF03-D073-45C7-AC67-566F283DFCC7}.Ad-Hoc|ARM.ActiveCfg = Release|Any CPU
		{751EDF03-D073-45C7-AC67-566F283DFCC7}.Ad-Hoc|ARM.Build.0 = Release|Any CPU
		{751EDF03-D073-45C7-AC67-566F283DFCC7}.Ad-Hoc|iPhone.ActiveCfg = Release|Any CPU
		{751EDF03-D073-45C7-AC67-566F283DFCC7}.Ad-Hoc|iPhone.Build.0 = Release|Any CPU
		{751EDF03-D073-45C7-AC67-566F283DFCC7}.Ad-Hoc|iPhoneSimulator.ActiveCfg = Release|Any CPU
		{751EDF03-D073-45C7-AC67-566F283DFCC7}.Ad-Hoc|iPhoneSimulator.Build.0 = Release|Any CPU
		{751EDF03-D073-45C7-AC67-566F283DFCC7}.Ad-Hoc|x64.ActiveCfg = Release|Any CPU
		{751EDF03-D073-45C7-AC67-566F283DFCC7}.Ad-Hoc|x64.Build.0 = Release|Any CPU
		{751EDF03-D073-45C7-AC67-566F283DFCC7}.Ad-Hoc|x86.ActiveCfg = Release|Any CPU
		{751EDF03-D073-45C7-AC67-566F283DFCC7}.Ad-Hoc|x86.Build.0 = Release|Any CPU
		{751EDF03-D073-45C7-AC67-566F283DFCC7}.AppStore|Any CPU.ActiveCfg = Release|Any CPU
		{751EDF03-D073-45C7-AC67-566F283DFCC7}.AppStore|Any CPU.Build.0 = Release|Any CPU
		{751EDF03-D073-45C7-AC67-566F283DFCC7}.AppStore|ARM.ActiveCfg = Release|Any CPU
		{751EDF03-D073-45C7-AC67-566F283DFCC7}.AppStore|ARM.Build.0 = Release|Any CPU
		{751EDF03-D073-45C7-AC67-566F283DFCC7}.AppStore|iPhone.ActiveCfg = Release|Any CPU
		{751EDF03-D073-45C7-AC67-566F283DFCC7}.AppStore|iPhone.Build.0 = Release|Any CPU
		{751EDF03-D073-45C7-AC67-566F283DFCC7}.AppStore|iPhoneSimulator.ActiveCfg = Release|Any CPU
		{751EDF03-D073-45C7-AC67-566F283DFCC7}.AppStore|iPhoneSimulator.Build.0 = Release|Any CPU
		{751EDF03-D073-45C7-AC67-566F283DFCC7}.AppStore|x64.ActiveCfg = Release|Any CPU
		{751EDF03-D073-45C7-AC67-566F283DFCC7}.AppStore|x64.Build.0 = Release|Any CPU
		{751EDF03-D073-45C7-AC67-566F283DFCC7}.AppStore|x86.ActiveCfg = Release|Any CPU
		{751EDF03-D073-45C7-AC67-566F283DFCC7}.AppStore|x86.Build.0 = Release|Any CPU
		{751EDF03-D073-45C7-AC67-566F283DFCC7}.Debug|Any CPU.ActiveCfg = Debug|Any CPU
		{751EDF03-D073-45C7-AC67-566F283DFCC7}.Debug|Any CPU.Build.0 = Debug|Any CPU
		{751EDF03-D073-45C7-AC67-566F283DFCC7}.Debug|ARM.ActiveCfg = Debug|Any CPU
		{751EDF03-D073-45C7-AC67-566F283DFCC7}.Debug|ARM.Build.0 = Debug|Any CPU
		{751EDF03-D073-45C7-AC67-566F283DFCC7}.Debug|iPhone.ActiveCfg = Debug|Any CPU
		{751EDF03-D073-45C7-AC67-566F283DFCC7}.Debug|iPhone.Build.0 = Debug|Any CPU
		{751EDF03-D073-45C7-AC67-566F283DFCC7}.Debug|iPhoneSimulator.ActiveCfg = Debug|Any CPU
		{751EDF03-D073-45C7-AC67-566F283DFCC7}.Debug|iPhoneSimulator.Build.0 = Debug|Any CPU
		{751EDF03-D073-45C7-AC67-566F283DFCC7}.Debug|x64.ActiveCfg = Debug|Any CPU
		{751EDF03-D073-45C7-AC67-566F283DFCC7}.Debug|x64.Build.0 = Debug|Any CPU
		{751EDF03-D073-45C7-AC67-566F283DFCC7}.Debug|x86.ActiveCfg = Debug|Any CPU
		{751EDF03-D073-45C7-AC67-566F283DFCC7}.Debug|x86.Build.0 = Debug|Any CPU
		{751EDF03-D073-45C7-AC67-566F283DFCC7}.Release|Any CPU.ActiveCfg = Release|Any CPU
		{751EDF03-D073-45C7-AC67-566F283DFCC7}.Release|Any CPU.Build.0 = Release|Any CPU
		{751EDF03-D073-45C7-AC67-566F283DFCC7}.Release|ARM.ActiveCfg = Release|Any CPU
		{751EDF03-D073-45C7-AC67-566F283DFCC7}.Release|ARM.Build.0 = Release|Any CPU
		{751EDF03-D073-45C7-AC67-566F283DFCC7}.Release|iPhone.ActiveCfg = Release|Any CPU
		{751EDF03-D073-45C7-AC67-566F283DFCC7}.Release|iPhone.Build.0 = Release|Any CPU
		{751EDF03-D073-45C7-AC67-566F283DFCC7}.Release|iPhoneSimulator.ActiveCfg = Release|Any CPU
		{751EDF03-D073-45C7-AC67-566F283DFCC7}.Release|iPhoneSimulator.Build.0 = Release|Any CPU
		{751EDF03-D073-45C7-AC67-566F283DFCC7}.Release|x64.ActiveCfg = Release|Any CPU
		{751EDF03-D073-45C7-AC67-566F283DFCC7}.Release|x64.Build.0 = Release|Any CPU
		{751EDF03-D073-45C7-AC67-566F283DFCC7}.Release|x86.ActiveCfg = Release|Any CPU
		{751EDF03-D073-45C7-AC67-566F283DFCC7}.Release|x86.Build.0 = Release|Any CPU
	EndGlobalSection
	GlobalSection(SolutionProperties) = preSolution
		HideSolutionNode = FALSE
	EndGlobalSection
	GlobalSection(NestedProjects) = preSolution
		{D923631C-B15F-4996-8EB7-DAC33A907676} = {2B4D3D2B-DBA9-402B-9FF3-4160A4DD2617}
		{8828D182-C71D-4BBB-95C8-B3CB909B6CEC} = {2B4D3D2B-DBA9-402B-9FF3-4160A4DD2617}
		{84AF40B0-0413-46FB-91CD-A22D2E74FB44} = {2B4D3D2B-DBA9-402B-9FF3-4160A4DD2617}
		{DFE1CEC6-E38B-47A4-A428-0CFF653ABE78} = {2B4D3D2B-DBA9-402B-9FF3-4160A4DD2617}
	EndGlobalSection
	GlobalSection(ExtensibilityGlobals) = postSolution
		SolutionGuid = {EA5336C4-8DC9-4C89-8EA6-33F940E5DA74}
	EndGlobalSection
EndGlobal
